// !$*UTF8*$!
{
	archiveVersion = 1;
	classes = {
	};
	objectVersion = 50;
	objects = {

/* Begin PBXBuildFile section */
		40BFC771F33B73D1C0CFDC37 /* libPods-GitHubApp.a in Frameworks */ = {isa = PBXBuildFile; fileRef = FAB646E48CCE71C5502F96F7 /* libPods-GitHubApp.a */; };
		5293766A21D220D900174317 /* MyAnimation.m in Sources */ = {isa = PBXBuildFile; fileRef = 5293766921D220D900174317 /* MyAnimation.m */; };
		529376C021D36B1100174317 /* DateAlertView.m in Sources */ = {isa = PBXBuildFile; fileRef = 529376BB21D36B1100174317 /* DateAlertView.m */; };
		529376C121D36B1100174317 /* DateAlertView.xib in Resources */ = {isa = PBXBuildFile; fileRef = 529376BD21D36B1100174317 /* DateAlertView.xib */; };
		529376C221D36B1100174317 /* DatePickerView.m in Sources */ = {isa = PBXBuildFile; fileRef = 529376BE21D36B1100174317 /* DatePickerView.m */; };
		52B8F09021C1038000DECCB3 /* FlipTableView.m in Sources */ = {isa = PBXBuildFile; fileRef = 52B8F08C21C1038000DECCB3 /* FlipTableView.m */; };
		52B8F09121C1038000DECCB3 /* SegmentTapView.m in Sources */ = {isa = PBXBuildFile; fileRef = 52B8F08F21C1038000DECCB3 /* SegmentTapView.m */; };
		BB1420C4219D4A8700F02378 /* AppDelegate.m in Sources */ = {isa = PBXBuildFile; fileRef = BB1420C3219D4A8700F02378 /* AppDelegate.m */; };
		BB1420C7219D4A8700F02378 /* ViewController.m in Sources */ = {isa = PBXBuildFile; fileRef = BB1420C6219D4A8700F02378 /* ViewController.m */; };
		BB1420CA219D4A8700F02378 /* Main.storyboard in Resources */ = {isa = PBXBuildFile; fileRef = BB1420C8219D4A8700F02378 /* Main.storyboard */; };
		BB1420CC219D4A8900F02378 /* Assets.xcassets in Resources */ = {isa = PBXBuildFile; fileRef = BB1420CB219D4A8900F02378 /* Assets.xcassets */; };
		BB1420CF219D4A8900F02378 /* LaunchScreen.storyboard in Resources */ = {isa = PBXBuildFile; fileRef = BB1420CD219D4A8900F02378 /* LaunchScreen.storyboard */; };
		BB1420D2219D4A8900F02378 /* main.m in Sources */ = {isa = PBXBuildFile; fileRef = BB1420D1219D4A8900F02378 /* main.m */; };
		BB1420DC219D4A8900F02378 /* GitHubAppUITests.m in Sources */ = {isa = PBXBuildFile; fileRef = BB1420DB219D4A8900F02378 /* GitHubAppUITests.m */; };
		BB142186219D4B3800F02378 /* LoginVC.m in Sources */ = {isa = PBXBuildFile; fileRef = BB1420EB219D4B3700F02378 /* LoginVC.m */; };
		BB142187219D4B3800F02378 /* RegisterUserVC.xib in Resources */ = {isa = PBXBuildFile; fileRef = BB1420EE219D4B3700F02378 /* RegisterUserVC.xib */; };
		BB142188219D4B3800F02378 /* ForgetPasswordVC.m in Sources */ = {isa = PBXBuildFile; fileRef = BB1420EF219D4B3700F02378 /* ForgetPasswordVC.m */; };
		BB142189219D4B3800F02378 /* RegisterUserVC.m in Sources */ = {isa = PBXBuildFile; fileRef = BB1420F0219D4B3700F02378 /* RegisterUserVC.m */; };
		BB14218A219D4B3800F02378 /* SendCodeBtn.m in Sources */ = {isa = PBXBuildFile; fileRef = BB1420F2219D4B3700F02378 /* SendCodeBtn.m */; };
		BB14218B219D4B3800F02378 /* ForgetPasswordVC.xib in Resources */ = {isa = PBXBuildFile; fileRef = BB1420F3219D4B3700F02378 /* ForgetPasswordVC.xib */; };
		BB14218C219D4B3800F02378 /* LoginVC.xib in Resources */ = {isa = PBXBuildFile; fileRef = BB1420F4219D4B3700F02378 /* LoginVC.xib */; };
		BB14218D219D4B3800F02378 /* SendCodeBtn.xib in Resources */ = {isa = PBXBuildFile; fileRef = BB1420F5219D4B3700F02378 /* SendCodeBtn.xib */; };
		BB14218E219D4B3800F02378 /* add@2x.png in Resources */ = {isa = PBXBuildFile; fileRef = BB1420F9219D4B3700F02378 /* add@2x.png */; };
		BB14218F219D4B3800F02378 /* ImageAndMovEditCellLayout.m in Sources */ = {isa = PBXBuildFile; fileRef = BB1420FA219D4B3700F02378 /* ImageAndMovEditCellLayout.m */; };
		BB142190219D4B3800F02378 /* add@3x.png in Resources */ = {isa = PBXBuildFile; fileRef = BB1420FB219D4B3700F02378 /* add@3x.png */; };
		BB142191219D4B3800F02378 /* ImageAndMovEditCell.m in Sources */ = {isa = PBXBuildFile; fileRef = BB1420FC219D4B3700F02378 /* ImageAndMovEditCell.m */; };
		BB142192219D4B3800F02378 /* ImageAndMovEditCell.xib in Resources */ = {isa = PBXBuildFile; fileRef = BB1420FD219D4B3700F02378 /* ImageAndMovEditCell.xib */; };
		BB142193219D4B3800F02378 /* ImageAndMovEditVC.m in Sources */ = {isa = PBXBuildFile; fileRef = BB1420FE219D4B3700F02378 /* ImageAndMovEditVC.m */; };
		BB142194219D4B3800F02378 /* AVURLAsset+SetMp4.m in Sources */ = {isa = PBXBuildFile; fileRef = BB142100219D4B3700F02378 /* AVURLAsset+SetMp4.m */; };
		BB142195219D4B3800F02378 /* playBtn.png in Resources */ = {isa = PBXBuildFile; fileRef = BB142103219D4B3700F02378 /* playBtn.png */; };
		BB142196219D4B3800F02378 /* kr-video-player-play@3x.png in Resources */ = {isa = PBXBuildFile; fileRef = BB142108219D4B3700F02378 /* kr-video-player-play@3x.png */; };
		BB142197219D4B3800F02378 /* kr-video-player-play@2x.png in Resources */ = {isa = PBXBuildFile; fileRef = BB142109219D4B3700F02378 /* kr-video-player-play@2x.png */; };
		BB142198219D4B3800F02378 /* slider@2x.png in Resources */ = {isa = PBXBuildFile; fileRef = BB14210A219D4B3700F02378 /* slider@2x.png */; };
		BB142199219D4B3800F02378 /* kr-video-player-pause@3x.png in Resources */ = {isa = PBXBuildFile; fileRef = BB14210B219D4B3700F02378 /* kr-video-player-pause@3x.png */; };
		BB14219A219D4B3800F02378 /* kr-video-player-fullscreen@3x.png in Resources */ = {isa = PBXBuildFile; fileRef = BB14210C219D4B3700F02378 /* kr-video-player-fullscreen@3x.png */; };
		BB14219B219D4B3800F02378 /* kr-video-player-fullscreen@2x.png in Resources */ = {isa = PBXBuildFile; fileRef = BB14210D219D4B3700F02378 /* kr-video-player-fullscreen@2x.png */; };
		BB14219C219D4B3800F02378 /* kr-video-player-pause@2x.png in Resources */ = {isa = PBXBuildFile; fileRef = BB14210E219D4B3700F02378 /* kr-video-player-pause@2x.png */; };
		BB14219D219D4B3800F02378 /* MediaPlayerVC.xib in Resources */ = {isa = PBXBuildFile; fileRef = BB142110219D4B3700F02378 /* MediaPlayerVC.xib */; };
		BB14219E219D4B3800F02378 /* XSMediaPlayerMaskView.m in Sources */ = {isa = PBXBuildFile; fileRef = BB142112219D4B3700F02378 /* XSMediaPlayerMaskView.m */; };
		BB14219F219D4B3800F02378 /* MediaPlayerVC.m in Sources */ = {isa = PBXBuildFile; fileRef = BB142114219D4B3700F02378 /* MediaPlayerVC.m */; };
		BB1421A0219D4B3800F02378 /* XSMediaPlayer.m in Sources */ = {isa = PBXBuildFile; fileRef = BB142116219D4B3700F02378 /* XSMediaPlayer.m */; };
		BB1421A1219D4B3800F02378 /* CameraAlertController.m in Sources */ = {isa = PBXBuildFile; fileRef = BB142117219D4B3700F02378 /* CameraAlertController.m */; };
		BB1421A2219D4B3800F02378 /* AddImageAndMp4VC.m in Sources */ = {isa = PBXBuildFile; fileRef = BB142118219D4B3700F02378 /* AddImageAndMp4VC.m */; };
		BB1421A3219D4B3800F02378 /* NSString+NowDate.m in Sources */ = {isa = PBXBuildFile; fileRef = BB14211A219D4B3700F02378 /* NSString+NowDate.m */; };
		BB1421A4219D4B3800F02378 /* UIColor+color.m in Sources */ = {isa = PBXBuildFile; fileRef = BB14211C219D4B3700F02378 /* UIColor+color.m */; };
		BB1421A5219D4B3800F02378 /* NSString+Pinyin.m in Sources */ = {isa = PBXBuildFile; fileRef = BB14211F219D4B3700F02378 /* NSString+Pinyin.m */; };
		BB1421A6219D4B3800F02378 /* UIImage+image.m in Sources */ = {isa = PBXBuildFile; fileRef = BB142121219D4B3700F02378 /* UIImage+image.m */; };
		BB1421A7219D4B3800F02378 /* UIView+layerView.m in Sources */ = {isa = PBXBuildFile; fileRef = BB142122219D4B3700F02378 /* UIView+layerView.m */; };
		BB1421A8219D4B3800F02378 /* NSString+extension.m in Sources */ = {isa = PBXBuildFile; fileRef = BB142124219D4B3700F02378 /* NSString+extension.m */; };
		BB1421A9219D4B3800F02378 /* NSDictionary+dictJson.m in Sources */ = {isa = PBXBuildFile; fileRef = BB142127219D4B3700F02378 /* NSDictionary+dictJson.m */; };
		BB1421AA219D4B3800F02378 /* NSArray+array.m in Sources */ = {isa = PBXBuildFile; fileRef = BB142129219D4B3700F02378 /* NSArray+array.m */; };
		BB1421AB219D4B3800F02378 /* EillyerTableCell.m in Sources */ = {isa = PBXBuildFile; fileRef = BB14212C219D4B3700F02378 /* EillyerTableCell.m */; };
		BB1421AC219D4B3800F02378 /* EillyerBaseTableViewViewController.m in Sources */ = {isa = PBXBuildFile; fileRef = BB14212D219D4B3700F02378 /* EillyerBaseTableViewViewController.m */; };
		BB1421AD219D4B3800F02378 /* noData@2x.png in Resources */ = {isa = PBXBuildFile; fileRef = BB14212E219D4B3700F02378 /* noData@2x.png */; };
		BB1421AE219D4B3800F02378 /* noData@3x.png in Resources */ = {isa = PBXBuildFile; fileRef = BB142130219D4B3700F02378 /* noData@3x.png */; };
		BB1421AF219D4B3800F02378 /* BaseAlertView.m in Sources */ = {isa = PBXBuildFile; fileRef = BB142133219D4B3700F02378 /* BaseAlertView.m */; };
		BB1421B0219D4B3800F02378 /* EillyerBaseCollectionViewCell.m in Sources */ = {isa = PBXBuildFile; fileRef = BB142136219D4B3700F02378 /* EillyerBaseCollectionViewCell.m */; };
		BB1421B1219D4B3800F02378 /* EillyerBaseCollectionView.m in Sources */ = {isa = PBXBuildFile; fileRef = BB142137219D4B3700F02378 /* EillyerBaseCollectionView.m */; };
		BB1421B2219D4B3800F02378 /* EillyerBaseFlowLayout.m in Sources */ = {isa = PBXBuildFile; fileRef = BB14213A219D4B3700F02378 /* EillyerBaseFlowLayout.m */; };
		BB1421B3219D4B3800F02378 /* EillyerBaseCollectionViewCell.xib in Resources */ = {isa = PBXBuildFile; fileRef = BB14213C219D4B3700F02378 /* EillyerBaseCollectionViewCell.xib */; };
		BB1421B4219D4B3800F02378 /* ShareBtn.m in Sources */ = {isa = PBXBuildFile; fileRef = BB14213F219D4B3700F02378 /* ShareBtn.m */; };
		BB1421B5219D4B3800F02378 /* EillyerBaseViewController.m in Sources */ = {isa = PBXBuildFile; fileRef = BB142142219D4B3700F02378 /* EillyerBaseViewController.m */; };
		BB1421B6219D4B3800F02378 /* EillyerBaseTabBarController.m in Sources */ = {isa = PBXBuildFile; fileRef = BB142144219D4B3700F02378 /* EillyerBaseTabBarController.m */; };
		BB1421B7219D4B3800F02378 /* EliiyerBaseNavigationController.m in Sources */ = {isa = PBXBuildFile; fileRef = BB142148219D4B3700F02378 /* EliiyerBaseNavigationController.m */; };
		BB1421B8219D4B3800F02378 /* BaseModel.m in Sources */ = {isa = PBXBuildFile; fileRef = BB14214B219D4B3700F02378 /* BaseModel.m */; };
		BB1421B9219D4B3800F02378 /* UserInfoModel.m in Sources */ = {isa = PBXBuildFile; fileRef = BB14214D219D4B3700F02378 /* UserInfoModel.m */; };
		BB1421BA219D4B3800F02378 /* KeyChainManager.m in Sources */ = {isa = PBXBuildFile; fileRef = BB14214E219D4B3700F02378 /* KeyChainManager.m */; };
		BB1421BB219D4B3800F02378 /* AccountTool.m in Sources */ = {isa = PBXBuildFile; fileRef = BB14214F219D4B3700F02378 /* AccountTool.m */; };
		BB1421BC219D4B3800F02378 /* UserInfoManager.m in Sources */ = {isa = PBXBuildFile; fileRef = BB142152219D4B3700F02378 /* UserInfoManager.m */; };
		BB1421BD219D4B3800F02378 /* EillyerTextField.m in Sources */ = {isa = PBXBuildFile; fileRef = BB142156219D4B3700F02378 /* EillyerTextField.m */; };
		BB1421CE219D4B3800F02378 /* MBProgressHUD.m in Sources */ = {isa = PBXBuildFile; fileRef = BB142173219D4B3700F02378 /* MBProgressHUD.m */; };
		BB1421CF219D4B3800F02378 /* NetWorkTemp.m in Sources */ = {isa = PBXBuildFile; fileRef = BB142174219D4B3700F02378 /* NetWorkTemp.m */; };
		BB1421D0219D4B3800F02378 /* ServerAPIPath.m in Sources */ = {isa = PBXBuildFile; fileRef = BB142175219D4B3700F02378 /* ServerAPIPath.m */; };
		BB1421D1219D4B3800F02378 /* AFNetWorkingHelper.m in Sources */ = {isa = PBXBuildFile; fileRef = BB142178219D4B3700F02378 /* AFNetWorkingHelper.m */; };
		BB1421D2219D4B3800F02378 /* NetWorkTo.m in Sources */ = {isa = PBXBuildFile; fileRef = BB142179219D4B3700F02378 /* NetWorkTo.m */; };
		BB1421D3219D4B3800F02378 /* LocationManager.m in Sources */ = {isa = PBXBuildFile; fileRef = BB14217C219D4B3700F02378 /* LocationManager.m */; };
		BB1421D4219D4B3800F02378 /* LSCityChooseView.m in Sources */ = {isa = PBXBuildFile; fileRef = BB142180219D4B3700F02378 /* LSCityChooseView.m */; };
		BB1421D5219D4B3800F02378 /* ZHDatePickerView.m in Sources */ = {isa = PBXBuildFile; fileRef = BB142181219D4B3700F02378 /* ZHDatePickerView.m */; };
		BB1421D6219D4B3800F02378 /* city.plist in Resources */ = {isa = PBXBuildFile; fileRef = BB142182219D4B3700F02378 /* city.plist */; };
		BB1421D7219D4B3800F02378 /* AppControl.m in Sources */ = {isa = PBXBuildFile; fileRef = BB142185219D4B3700F02378 /* AppControl.m */; };
		BB1421E1219D4CF100F02378 /* MMMM.m in Sources */ = {isa = PBXBuildFile; fileRef = BB1421D8219D4CF000F02378 /* MMMM.m */; };
		BB1421E2219D4CF100F02378 /* asdfasdf.m in Sources */ = {isa = PBXBuildFile; fileRef = BB1421D9219D4CF000F02378 /* asdfasdf.m */; };
		BB1421E3219D4CF100F02378 /* aaa.m in Sources */ = {isa = PBXBuildFile; fileRef = BB1421DE219D4CF100F02378 /* aaa.m */; };
		BB1421E4219D4CF100F02378 /* asdfasdf.xib in Resources */ = {isa = PBXBuildFile; fileRef = BB1421DF219D4CF100F02378 /* asdfasdf.xib */; };
		BB1421E5219D4CF100F02378 /* CameroViewController.m in Sources */ = {isa = PBXBuildFile; fileRef = BB1421E0219D4CF100F02378 /* CameroViewController.m */; };
		BB1421FF219D4E6B00F02378 /* libWeChatSDK.a in Frameworks */ = {isa = PBXBuildFile; fileRef = BB1421EA219D4E6B00F02378 /* libWeChatSDK.a */; };
		BB142200219D4E6B00F02378 /* 微信@3x.png in Resources */ = {isa = PBXBuildFile; fileRef = BB1421EB219D4E6B00F02378 /* 微信@3x.png */; };
		BB142201219D4E6B00F02378 /* 微信@2x.png in Resources */ = {isa = PBXBuildFile; fileRef = BB1421EC219D4E6B00F02378 /* 微信@2x.png */; };
		BB142202219D4E6B00F02378 /* 钱包@3x.png in Resources */ = {isa = PBXBuildFile; fileRef = BB1421ED219D4E6B00F02378 /* 钱包@3x.png */; };
		BB142203219D4E6B00F02378 /* 钱包@2x.png in Resources */ = {isa = PBXBuildFile; fileRef = BB1421EE219D4E6B00F02378 /* 钱包@2x.png */; };
		BB142204219D4E6B00F02378 /* 支付宝@2x.png in Resources */ = {isa = PBXBuildFile; fileRef = BB1421F0219D4E6B00F02378 /* 支付宝@2x.png */; };
		BB142205219D4E6B00F02378 /* AlipaySDK.bundle in Resources */ = {isa = PBXBuildFile; fileRef = BB1421F1219D4E6B00F02378 /* AlipaySDK.bundle */; };
		BB142206219D4E6B00F02378 /* 支付宝@3x.png in Resources */ = {isa = PBXBuildFile; fileRef = BB1421F2219D4E6B00F02378 /* 支付宝@3x.png */; };
		BB142207219D4E6B00F02378 /* AlipaySDK.framework in Frameworks */ = {isa = PBXBuildFile; fileRef = BB1421F3219D4E6B00F02378 /* AlipaySDK.framework */; };
		BB142208219D4E6B00F02378 /* 选中@2x.png in Resources */ = {isa = PBXBuildFile; fileRef = BB1421F5219D4E6B00F02378 /* 选中@2x.png */; };
		BB142209219D4E6B00F02378 /* 选中@3x.png in Resources */ = {isa = PBXBuildFile; fileRef = BB1421F6219D4E6B00F02378 /* 选中@3x.png */; };
		BB14220A219D4E6B00F02378 /* PayAlertView.m in Sources */ = {isa = PBXBuildFile; fileRef = BB1421F8219D4E6B00F02378 /* PayAlertView.m */; };
		BB14220B219D4E6B00F02378 /* PayChooseBtn.m in Sources */ = {isa = PBXBuildFile; fileRef = BB1421F9219D4E6B00F02378 /* PayChooseBtn.m */; };
		BB14220C219D4E6B00F02378 /* PayAlertView.xib in Resources */ = {isa = PBXBuildFile; fileRef = BB1421FB219D4E6B00F02378 /* PayAlertView.xib */; };
		BB14220D219D4E6B00F02378 /* PayChooseBtn.xib in Resources */ = {isa = PBXBuildFile; fileRef = BB1421FC219D4E6B00F02378 /* PayChooseBtn.xib */; };
		BB14220E219D4E6B00F02378 /* PayManager.m in Sources */ = {isa = PBXBuildFile; fileRef = BB1421FE219D4E6B00F02378 /* PayManager.m */; };
		BB142210219D4EBC00F02378 /* CoreTelephony.framework in Frameworks */ = {isa = PBXBuildFile; fileRef = BB14220F219D4EBC00F02378 /* CoreTelephony.framework */; };
		BB142212219D4EC900F02378 /* CoreMotion.framework in Frameworks */ = {isa = PBXBuildFile; fileRef = BB142211219D4EC900F02378 /* CoreMotion.framework */; };
		BB142214219D4EDE00F02378 /* libicucore.tbd in Frameworks */ = {isa = PBXBuildFile; fileRef = BB142213219D4EDE00F02378 /* libicucore.tbd */; };
		BB142216219D4EEA00F02378 /* libz.tbd in Frameworks */ = {isa = PBXBuildFile; fileRef = BB142215219D4EEA00F02378 /* libz.tbd */; };
		BB142218219D4EF600F02378 /* libc++.tbd in Frameworks */ = {isa = PBXBuildFile; fileRef = BB142217219D4EF600F02378 /* libc++.tbd */; };
		BB14221A219D4F0000F02378 /* JavaScriptCore.framework in Frameworks */ = {isa = PBXBuildFile; fileRef = BB142219219D4F0000F02378 /* JavaScriptCore.framework */; };
		BB14221C219D4F0B00F02378 /* libsqlite3.tbd in Frameworks */ = {isa = PBXBuildFile; fileRef = BB14221B219D4F0B00F02378 /* libsqlite3.tbd */; };
/* End PBXBuildFile section */

/* Begin PBXContainerItemProxy section */
		BB1420D8219D4A8900F02378 /* PBXContainerItemProxy */ = {
			isa = PBXContainerItemProxy;
			containerPortal = BB1420B7219D4A8700F02378 /* Project object */;
			proxyType = 1;
			remoteGlobalIDString = BB1420BE219D4A8700F02378;
			remoteInfo = GitHubApp;
		};
/* End PBXContainerItemProxy section */

/* Begin PBXFileReference section */
		5293766821D220D900174317 /* MyAnimation.h */ = {isa = PBXFileReference; fileEncoding = 4; lastKnownFileType = sourcecode.c.h; path = MyAnimation.h; sourceTree = "<group>"; };
		5293766921D220D900174317 /* MyAnimation.m */ = {isa = PBXFileReference; fileEncoding = 4; lastKnownFileType = sourcecode.c.objc; path = MyAnimation.m; sourceTree = "<group>"; };
		529376BB21D36B1100174317 /* DateAlertView.m */ = {isa = PBXFileReference; fileEncoding = 4; lastKnownFileType = sourcecode.c.objc; path = DateAlertView.m; sourceTree = "<group>"; };
		529376BC21D36B1100174317 /* DatePickerView.h */ = {isa = PBXFileReference; fileEncoding = 4; lastKnownFileType = sourcecode.c.h; path = DatePickerView.h; sourceTree = "<group>"; };
		529376BD21D36B1100174317 /* DateAlertView.xib */ = {isa = PBXFileReference; fileEncoding = 4; lastKnownFileType = file.xib; path = DateAlertView.xib; sourceTree = "<group>"; };
		529376BE21D36B1100174317 /* DatePickerView.m */ = {isa = PBXFileReference; fileEncoding = 4; lastKnownFileType = sourcecode.c.objc; path = DatePickerView.m; sourceTree = "<group>"; };
		529376BF21D36B1100174317 /* DateAlertView.h */ = {isa = PBXFileReference; fileEncoding = 4; lastKnownFileType = sourcecode.c.h; path = DateAlertView.h; sourceTree = "<group>"; };
		52B8F08B21C1038000DECCB3 /* FlipTableView.h */ = {isa = PBXFileReference; fileEncoding = 4; lastKnownFileType = sourcecode.c.h; path = FlipTableView.h; sourceTree = "<group>"; };
		52B8F08C21C1038000DECCB3 /* FlipTableView.m */ = {isa = PBXFileReference; fileEncoding = 4; lastKnownFileType = sourcecode.c.objc; path = FlipTableView.m; sourceTree = "<group>"; };
		52B8F08E21C1038000DECCB3 /* SegmentTapView.h */ = {isa = PBXFileReference; fileEncoding = 4; lastKnownFileType = sourcecode.c.h; path = SegmentTapView.h; sourceTree = "<group>"; };
		52B8F08F21C1038000DECCB3 /* SegmentTapView.m */ = {isa = PBXFileReference; fileEncoding = 4; lastKnownFileType = sourcecode.c.objc; path = SegmentTapView.m; sourceTree = "<group>"; };
		52B8F09221C103BE00DECCB3 /* ReadMeTitleChange.h */ = {isa = PBXFileReference; lastKnownFileType = sourcecode.c.h; path = ReadMeTitleChange.h; sourceTree = "<group>"; };
		8B2C2B8D3DB0DE9A57B80617 /* Pods-GitHubApp.release.xcconfig */ = {isa = PBXFileReference; includeInIndex = 1; lastKnownFileType = text.xcconfig; name = "Pods-GitHubApp.release.xcconfig"; path = "Target Support Files/Pods-GitHubApp/Pods-GitHubApp.release.xcconfig"; sourceTree = "<group>"; };
		8CBB2015463C6AF7CB1AA649 /* Pods-GitHubApp.debug.xcconfig */ = {isa = PBXFileReference; includeInIndex = 1; lastKnownFileType = text.xcconfig; name = "Pods-GitHubApp.debug.xcconfig"; path = "Target Support Files/Pods-GitHubApp/Pods-GitHubApp.debug.xcconfig"; sourceTree = "<group>"; };
		BB1420BF219D4A8700F02378 /* GitHubApp.app */ = {isa = PBXFileReference; explicitFileType = wrapper.application; includeInIndex = 0; path = GitHubApp.app; sourceTree = BUILT_PRODUCTS_DIR; };
		BB1420C2219D4A8700F02378 /* AppDelegate.h */ = {isa = PBXFileReference; lastKnownFileType = sourcecode.c.h; path = AppDelegate.h; sourceTree = "<group>"; };
		BB1420C3219D4A8700F02378 /* AppDelegate.m */ = {isa = PBXFileReference; lastKnownFileType = sourcecode.c.objc; path = AppDelegate.m; sourceTree = "<group>"; };
		BB1420C5219D4A8700F02378 /* ViewController.h */ = {isa = PBXFileReference; lastKnownFileType = sourcecode.c.h; path = ViewController.h; sourceTree = "<group>"; };
		BB1420C6219D4A8700F02378 /* ViewController.m */ = {isa = PBXFileReference; lastKnownFileType = sourcecode.c.objc; path = ViewController.m; sourceTree = "<group>"; };
		BB1420C9219D4A8700F02378 /* Base */ = {isa = PBXFileReference; lastKnownFileType = file.storyboard; name = Base; path = Base.lproj/Main.storyboard; sourceTree = "<group>"; };
		BB1420CB219D4A8900F02378 /* Assets.xcassets */ = {isa = PBXFileReference; lastKnownFileType = folder.assetcatalog; path = Assets.xcassets; sourceTree = "<group>"; };
		BB1420CE219D4A8900F02378 /* Base */ = {isa = PBXFileReference; lastKnownFileType = file.storyboard; name = Base; path = Base.lproj/LaunchScreen.storyboard; sourceTree = "<group>"; };
		BB1420D0219D4A8900F02378 /* Info.plist */ = {isa = PBXFileReference; lastKnownFileType = text.plist.xml; path = Info.plist; sourceTree = "<group>"; };
		BB1420D1219D4A8900F02378 /* main.m */ = {isa = PBXFileReference; lastKnownFileType = sourcecode.c.objc; path = main.m; sourceTree = "<group>"; };
		BB1420D7219D4A8900F02378 /* GitHubAppUITests.xctest */ = {isa = PBXFileReference; explicitFileType = wrapper.cfbundle; includeInIndex = 0; path = GitHubAppUITests.xctest; sourceTree = BUILT_PRODUCTS_DIR; };
		BB1420DB219D4A8900F02378 /* GitHubAppUITests.m */ = {isa = PBXFileReference; lastKnownFileType = sourcecode.c.objc; path = GitHubAppUITests.m; sourceTree = "<group>"; };
		BB1420DD219D4A8900F02378 /* Info.plist */ = {isa = PBXFileReference; lastKnownFileType = text.plist.xml; path = Info.plist; sourceTree = "<group>"; };
		BB1420E6219D4ACE00F02378 /* PrefixHeader.pch */ = {isa = PBXFileReference; lastKnownFileType = sourcecode.c.h; path = PrefixHeader.pch; sourceTree = "<group>"; };
		BB1420EA219D4B3700F02378 /* SendCodeBtn.h */ = {isa = PBXFileReference; fileEncoding = 4; lastKnownFileType = sourcecode.c.h; path = SendCodeBtn.h; sourceTree = "<group>"; };
		BB1420EB219D4B3700F02378 /* LoginVC.m */ = {isa = PBXFileReference; fileEncoding = 4; lastKnownFileType = sourcecode.c.objc; path = LoginVC.m; sourceTree = "<group>"; };
		BB1420EC219D4B3700F02378 /* RegisterUserVC.h */ = {isa = PBXFileReference; fileEncoding = 4; lastKnownFileType = sourcecode.c.h; path = RegisterUserVC.h; sourceTree = "<group>"; };
		BB1420ED219D4B3700F02378 /* ForgetPasswordVC.h */ = {isa = PBXFileReference; fileEncoding = 4; lastKnownFileType = sourcecode.c.h; path = ForgetPasswordVC.h; sourceTree = "<group>"; };
		BB1420EE219D4B3700F02378 /* RegisterUserVC.xib */ = {isa = PBXFileReference; fileEncoding = 4; lastKnownFileType = file.xib; path = RegisterUserVC.xib; sourceTree = "<group>"; };
		BB1420EF219D4B3700F02378 /* ForgetPasswordVC.m */ = {isa = PBXFileReference; fileEncoding = 4; lastKnownFileType = sourcecode.c.objc; path = ForgetPasswordVC.m; sourceTree = "<group>"; };
		BB1420F0219D4B3700F02378 /* RegisterUserVC.m */ = {isa = PBXFileReference; fileEncoding = 4; lastKnownFileType = sourcecode.c.objc; path = RegisterUserVC.m; sourceTree = "<group>"; };
		BB1420F1219D4B3700F02378 /* LoginVC.h */ = {isa = PBXFileReference; fileEncoding = 4; lastKnownFileType = sourcecode.c.h; path = LoginVC.h; sourceTree = "<group>"; };
		BB1420F2219D4B3700F02378 /* SendCodeBtn.m */ = {isa = PBXFileReference; fileEncoding = 4; lastKnownFileType = sourcecode.c.objc; path = SendCodeBtn.m; sourceTree = "<group>"; };
		BB1420F3219D4B3700F02378 /* ForgetPasswordVC.xib */ = {isa = PBXFileReference; fileEncoding = 4; lastKnownFileType = file.xib; path = ForgetPasswordVC.xib; sourceTree = "<group>"; };
		BB1420F4219D4B3700F02378 /* LoginVC.xib */ = {isa = PBXFileReference; fileEncoding = 4; lastKnownFileType = file.xib; path = LoginVC.xib; sourceTree = "<group>"; };
		BB1420F5219D4B3700F02378 /* SendCodeBtn.xib */ = {isa = PBXFileReference; fileEncoding = 4; lastKnownFileType = file.xib; path = SendCodeBtn.xib; sourceTree = "<group>"; };
		BB1420F7219D4B3700F02378 /* AddImageAndMp4VC.h */ = {isa = PBXFileReference; fileEncoding = 4; lastKnownFileType = sourcecode.c.h; path = AddImageAndMp4VC.h; sourceTree = "<group>"; };
		BB1420F9219D4B3700F02378 /* add@2x.png */ = {isa = PBXFileReference; lastKnownFileType = image.png; path = "add@2x.png"; sourceTree = "<group>"; };
		BB1420FA219D4B3700F02378 /* ImageAndMovEditCellLayout.m */ = {isa = PBXFileReference; fileEncoding = 4; lastKnownFileType = sourcecode.c.objc; path = ImageAndMovEditCellLayout.m; sourceTree = "<group>"; };
		BB1420FB219D4B3700F02378 /* add@3x.png */ = {isa = PBXFileReference; lastKnownFileType = image.png; path = "add@3x.png"; sourceTree = "<group>"; };
		BB1420FC219D4B3700F02378 /* ImageAndMovEditCell.m */ = {isa = PBXFileReference; fileEncoding = 4; lastKnownFileType = sourcecode.c.objc; path = ImageAndMovEditCell.m; sourceTree = "<group>"; };
		BB1420FD219D4B3700F02378 /* ImageAndMovEditCell.xib */ = {isa = PBXFileReference; fileEncoding = 4; lastKnownFileType = file.xib; path = ImageAndMovEditCell.xib; sourceTree = "<group>"; };
		BB1420FE219D4B3700F02378 /* ImageAndMovEditVC.m */ = {isa = PBXFileReference; fileEncoding = 4; lastKnownFileType = sourcecode.c.objc; path = ImageAndMovEditVC.m; sourceTree = "<group>"; };
		BB1420FF219D4B3700F02378 /* CameraAlertController.h */ = {isa = PBXFileReference; fileEncoding = 4; lastKnownFileType = sourcecode.c.h; path = CameraAlertController.h; sourceTree = "<group>"; };
		BB142100219D4B3700F02378 /* AVURLAsset+SetMp4.m */ = {isa = PBXFileReference; fileEncoding = 4; lastKnownFileType = sourcecode.c.objc; path = "AVURLAsset+SetMp4.m"; sourceTree = "<group>"; };
		BB142101219D4B3700F02378 /* ImageAndMovEditCellLayout.h */ = {isa = PBXFileReference; fileEncoding = 4; lastKnownFileType = sourcecode.c.h; path = ImageAndMovEditCellLayout.h; sourceTree = "<group>"; };
		BB142102219D4B3700F02378 /* ImageAndMovEditCell.h */ = {isa = PBXFileReference; fileEncoding = 4; lastKnownFileType = sourcecode.c.h; path = ImageAndMovEditCell.h; sourceTree = "<group>"; };
		BB142103219D4B3700F02378 /* playBtn.png */ = {isa = PBXFileReference; lastKnownFileType = image.png; path = playBtn.png; sourceTree = "<group>"; };
		BB142104219D4B3700F02378 /* ImageAndMovEditVC.h */ = {isa = PBXFileReference; fileEncoding = 4; lastKnownFileType = sourcecode.c.h; path = ImageAndMovEditVC.h; sourceTree = "<group>"; };
		BB142105219D4B3700F02378 /* AVURLAsset+SetMp4.h */ = {isa = PBXFileReference; fileEncoding = 4; lastKnownFileType = sourcecode.c.h; path = "AVURLAsset+SetMp4.h"; sourceTree = "<group>"; };
		BB142108219D4B3700F02378 /* kr-video-player-play@3x.png */ = {isa = PBXFileReference; lastKnownFileType = image.png; path = "kr-video-player-play@3x.png"; sourceTree = "<group>"; };
		BB142109219D4B3700F02378 /* kr-video-player-play@2x.png */ = {isa = PBXFileReference; lastKnownFileType = image.png; path = "kr-video-player-play@2x.png"; sourceTree = "<group>"; };
		BB14210A219D4B3700F02378 /* slider@2x.png */ = {isa = PBXFileReference; lastKnownFileType = image.png; path = "slider@2x.png"; sourceTree = "<group>"; };
		BB14210B219D4B3700F02378 /* kr-video-player-pause@3x.png */ = {isa = PBXFileReference; lastKnownFileType = image.png; path = "kr-video-player-pause@3x.png"; sourceTree = "<group>"; };
		BB14210C219D4B3700F02378 /* kr-video-player-fullscreen@3x.png */ = {isa = PBXFileReference; lastKnownFileType = image.png; path = "kr-video-player-fullscreen@3x.png"; sourceTree = "<group>"; };
		BB14210D219D4B3700F02378 /* kr-video-player-fullscreen@2x.png */ = {isa = PBXFileReference; lastKnownFileType = image.png; path = "kr-video-player-fullscreen@2x.png"; sourceTree = "<group>"; };
		BB14210E219D4B3700F02378 /* kr-video-player-pause@2x.png */ = {isa = PBXFileReference; lastKnownFileType = image.png; path = "kr-video-player-pause@2x.png"; sourceTree = "<group>"; };
		BB142110219D4B3700F02378 /* MediaPlayerVC.xib */ = {isa = PBXFileReference; fileEncoding = 4; lastKnownFileType = file.xib; path = MediaPlayerVC.xib; sourceTree = "<group>"; };
		BB142111219D4B3700F02378 /* MediaPlayerVC.h */ = {isa = PBXFileReference; fileEncoding = 4; lastKnownFileType = sourcecode.c.h; path = MediaPlayerVC.h; sourceTree = "<group>"; };
		BB142112219D4B3700F02378 /* XSMediaPlayerMaskView.m */ = {isa = PBXFileReference; fileEncoding = 4; lastKnownFileType = sourcecode.c.objc; path = XSMediaPlayerMaskView.m; sourceTree = "<group>"; };
		BB142113219D4B3700F02378 /* XSMediaPlayer.h */ = {isa = PBXFileReference; fileEncoding = 4; lastKnownFileType = sourcecode.c.h; path = XSMediaPlayer.h; sourceTree = "<group>"; };
		BB142114219D4B3700F02378 /* MediaPlayerVC.m */ = {isa = PBXFileReference; fileEncoding = 4; lastKnownFileType = sourcecode.c.objc; path = MediaPlayerVC.m; sourceTree = "<group>"; };
		BB142115219D4B3700F02378 /* XSMediaPlayerMaskView.h */ = {isa = PBXFileReference; fileEncoding = 4; lastKnownFileType = sourcecode.c.h; path = XSMediaPlayerMaskView.h; sourceTree = "<group>"; };
		BB142116219D4B3700F02378 /* XSMediaPlayer.m */ = {isa = PBXFileReference; fileEncoding = 4; lastKnownFileType = sourcecode.c.objc; path = XSMediaPlayer.m; sourceTree = "<group>"; };
		BB142117219D4B3700F02378 /* CameraAlertController.m */ = {isa = PBXFileReference; fileEncoding = 4; lastKnownFileType = sourcecode.c.objc; path = CameraAlertController.m; sourceTree = "<group>"; };
		BB142118219D4B3700F02378 /* AddImageAndMp4VC.m */ = {isa = PBXFileReference; fileEncoding = 4; lastKnownFileType = sourcecode.c.objc; path = AddImageAndMp4VC.m; sourceTree = "<group>"; };
		BB14211A219D4B3700F02378 /* NSString+NowDate.m */ = {isa = PBXFileReference; fileEncoding = 4; lastKnownFileType = sourcecode.c.objc; path = "NSString+NowDate.m"; sourceTree = "<group>"; };
		BB14211B219D4B3700F02378 /* UIView+layerView.h */ = {isa = PBXFileReference; fileEncoding = 4; lastKnownFileType = sourcecode.c.h; path = "UIView+layerView.h"; sourceTree = "<group>"; };
		BB14211C219D4B3700F02378 /* UIColor+color.m */ = {isa = PBXFileReference; fileEncoding = 4; lastKnownFileType = sourcecode.c.objc; path = "UIColor+color.m"; sourceTree = "<group>"; };
		BB14211D219D4B3700F02378 /* NSString+extension.h */ = {isa = PBXFileReference; fileEncoding = 4; lastKnownFileType = sourcecode.c.h; path = "NSString+extension.h"; sourceTree = "<group>"; };
		BB14211E219D4B3700F02378 /* NSArray+array.h */ = {isa = PBXFileReference; fileEncoding = 4; lastKnownFileType = sourcecode.c.h; path = "NSArray+array.h"; sourceTree = "<group>"; };
		BB14211F219D4B3700F02378 /* NSString+Pinyin.m */ = {isa = PBXFileReference; fileEncoding = 4; lastKnownFileType = sourcecode.c.objc; path = "NSString+Pinyin.m"; sourceTree = "<group>"; };
		BB142120219D4B3700F02378 /* NSDictionary+dictJson.h */ = {isa = PBXFileReference; fileEncoding = 4; lastKnownFileType = sourcecode.c.h; path = "NSDictionary+dictJson.h"; sourceTree = "<group>"; };
		BB142121219D4B3700F02378 /* UIImage+image.m */ = {isa = PBXFileReference; fileEncoding = 4; lastKnownFileType = sourcecode.c.objc; path = "UIImage+image.m"; sourceTree = "<group>"; };
		BB142122219D4B3700F02378 /* UIView+layerView.m */ = {isa = PBXFileReference; fileEncoding = 4; lastKnownFileType = sourcecode.c.objc; path = "UIView+layerView.m"; sourceTree = "<group>"; };
		BB142123219D4B3700F02378 /* NSString+NowDate.h */ = {isa = PBXFileReference; fileEncoding = 4; lastKnownFileType = sourcecode.c.h; path = "NSString+NowDate.h"; sourceTree = "<group>"; };
		BB142124219D4B3700F02378 /* NSString+extension.m */ = {isa = PBXFileReference; fileEncoding = 4; lastKnownFileType = sourcecode.c.objc; path = "NSString+extension.m"; sourceTree = "<group>"; };
		BB142125219D4B3700F02378 /* UIColor+color.h */ = {isa = PBXFileReference; fileEncoding = 4; lastKnownFileType = sourcecode.c.h; path = "UIColor+color.h"; sourceTree = "<group>"; };
		BB142126219D4B3700F02378 /* UIImage+image.h */ = {isa = PBXFileReference; fileEncoding = 4; lastKnownFileType = sourcecode.c.h; path = "UIImage+image.h"; sourceTree = "<group>"; };
		BB142127219D4B3700F02378 /* NSDictionary+dictJson.m */ = {isa = PBXFileReference; fileEncoding = 4; lastKnownFileType = sourcecode.c.objc; path = "NSDictionary+dictJson.m"; sourceTree = "<group>"; };
		BB142128219D4B3700F02378 /* NSString+Pinyin.h */ = {isa = PBXFileReference; fileEncoding = 4; lastKnownFileType = sourcecode.c.h; path = "NSString+Pinyin.h"; sourceTree = "<group>"; };
		BB142129219D4B3700F02378 /* NSArray+array.m */ = {isa = PBXFileReference; fileEncoding = 4; lastKnownFileType = sourcecode.c.objc; path = "NSArray+array.m"; sourceTree = "<group>"; };
		BB14212C219D4B3700F02378 /* EillyerTableCell.m */ = {isa = PBXFileReference; fileEncoding = 4; lastKnownFileType = sourcecode.c.objc; path = EillyerTableCell.m; sourceTree = "<group>"; };
		BB14212D219D4B3700F02378 /* EillyerBaseTableViewViewController.m */ = {isa = PBXFileReference; fileEncoding = 4; lastKnownFileType = sourcecode.c.objc; path = EillyerBaseTableViewViewController.m; sourceTree = "<group>"; };
		BB14212E219D4B3700F02378 /* noData@2x.png */ = {isa = PBXFileReference; lastKnownFileType = image.png; path = "noData@2x.png"; sourceTree = "<group>"; };
		BB14212F219D4B3700F02378 /* EillyerTableCell.h */ = {isa = PBXFileReference; fileEncoding = 4; lastKnownFileType = sourcecode.c.h; path = EillyerTableCell.h; sourceTree = "<group>"; };
		BB142130219D4B3700F02378 /* noData@3x.png */ = {isa = PBXFileReference; lastKnownFileType = image.png; path = "noData@3x.png"; sourceTree = "<group>"; };
		BB142131219D4B3700F02378 /* EillyerBaseTableViewViewController.h */ = {isa = PBXFileReference; fileEncoding = 4; lastKnownFileType = sourcecode.c.h; path = EillyerBaseTableViewViewController.h; sourceTree = "<group>"; };
		BB142133219D4B3700F02378 /* BaseAlertView.m */ = {isa = PBXFileReference; fileEncoding = 4; lastKnownFileType = sourcecode.c.objc; path = BaseAlertView.m; sourceTree = "<group>"; };
		BB142134219D4B3700F02378 /* BaseAlertView.h */ = {isa = PBXFileReference; fileEncoding = 4; lastKnownFileType = sourcecode.c.h; path = BaseAlertView.h; sourceTree = "<group>"; };
		BB142136219D4B3700F02378 /* EillyerBaseCollectionViewCell.m */ = {isa = PBXFileReference; fileEncoding = 4; lastKnownFileType = sourcecode.c.objc; path = EillyerBaseCollectionViewCell.m; sourceTree = "<group>"; };
		BB142137219D4B3700F02378 /* EillyerBaseCollectionView.m */ = {isa = PBXFileReference; fileEncoding = 4; lastKnownFileType = sourcecode.c.objc; path = EillyerBaseCollectionView.m; sourceTree = "<group>"; };
		BB142138219D4B3700F02378 /* EillyerBaseFlowLayout.h */ = {isa = PBXFileReference; fileEncoding = 4; lastKnownFileType = sourcecode.c.h; path = EillyerBaseFlowLayout.h; sourceTree = "<group>"; };
		BB142139219D4B3700F02378 /* EillyerBaseCollectionViewCell.h */ = {isa = PBXFileReference; fileEncoding = 4; lastKnownFileType = sourcecode.c.h; path = EillyerBaseCollectionViewCell.h; sourceTree = "<group>"; };
		BB14213A219D4B3700F02378 /* EillyerBaseFlowLayout.m */ = {isa = PBXFileReference; fileEncoding = 4; lastKnownFileType = sourcecode.c.objc; path = EillyerBaseFlowLayout.m; sourceTree = "<group>"; };
		BB14213B219D4B3700F02378 /* EillyerBaseCollectionView.h */ = {isa = PBXFileReference; fileEncoding = 4; lastKnownFileType = sourcecode.c.h; path = EillyerBaseCollectionView.h; sourceTree = "<group>"; };
		BB14213C219D4B3700F02378 /* EillyerBaseCollectionViewCell.xib */ = {isa = PBXFileReference; fileEncoding = 4; lastKnownFileType = file.xib; path = EillyerBaseCollectionViewCell.xib; sourceTree = "<group>"; };
		BB14213E219D4B3700F02378 /* ShareBtn.h */ = {isa = PBXFileReference; fileEncoding = 4; lastKnownFileType = sourcecode.c.h; path = ShareBtn.h; sourceTree = "<group>"; };
		BB14213F219D4B3700F02378 /* ShareBtn.m */ = {isa = PBXFileReference; fileEncoding = 4; lastKnownFileType = sourcecode.c.objc; path = ShareBtn.m; sourceTree = "<group>"; };
		BB142141219D4B3700F02378 /* EillyerBaseViewController.h */ = {isa = PBXFileReference; fileEncoding = 4; lastKnownFileType = sourcecode.c.h; path = EillyerBaseViewController.h; sourceTree = "<group>"; };
		BB142142219D4B3700F02378 /* EillyerBaseViewController.m */ = {isa = PBXFileReference; fileEncoding = 4; lastKnownFileType = sourcecode.c.objc; path = EillyerBaseViewController.m; sourceTree = "<group>"; };
		BB142144219D4B3700F02378 /* EillyerBaseTabBarController.m */ = {isa = PBXFileReference; fileEncoding = 4; lastKnownFileType = sourcecode.c.objc; path = EillyerBaseTabBarController.m; sourceTree = "<group>"; };
		BB142145219D4B3700F02378 /* EillyerBaseTabBarController.h */ = {isa = PBXFileReference; fileEncoding = 4; lastKnownFileType = sourcecode.c.h; path = EillyerBaseTabBarController.h; sourceTree = "<group>"; };
		BB142147219D4B3700F02378 /* EliiyerBaseNavigationController.h */ = {isa = PBXFileReference; fileEncoding = 4; lastKnownFileType = sourcecode.c.h; path = EliiyerBaseNavigationController.h; sourceTree = "<group>"; };
		BB142148219D4B3700F02378 /* EliiyerBaseNavigationController.m */ = {isa = PBXFileReference; fileEncoding = 4; lastKnownFileType = sourcecode.c.objc; path = EliiyerBaseNavigationController.m; sourceTree = "<group>"; };
		BB14214A219D4B3700F02378 /* AccountTool.h */ = {isa = PBXFileReference; fileEncoding = 4; lastKnownFileType = sourcecode.c.h; path = AccountTool.h; sourceTree = "<group>"; };
		BB14214B219D4B3700F02378 /* BaseModel.m */ = {isa = PBXFileReference; fileEncoding = 4; lastKnownFileType = sourcecode.c.objc; path = BaseModel.m; sourceTree = "<group>"; };
		BB14214C219D4B3700F02378 /* UserInfoManager.h */ = {isa = PBXFileReference; fileEncoding = 4; lastKnownFileType = sourcecode.c.h; path = UserInfoManager.h; sourceTree = "<group>"; };
		BB14214D219D4B3700F02378 /* UserInfoModel.m */ = {isa = PBXFileReference; fileEncoding = 4; lastKnownFileType = sourcecode.c.objc; path = UserInfoModel.m; sourceTree = "<group>"; };
		BB14214E219D4B3700F02378 /* KeyChainManager.m */ = {isa = PBXFileReference; fileEncoding = 4; lastKnownFileType = sourcecode.c.objc; path = KeyChainManager.m; sourceTree = "<group>"; };
		BB14214F219D4B3700F02378 /* AccountTool.m */ = {isa = PBXFileReference; fileEncoding = 4; lastKnownFileType = sourcecode.c.objc; path = AccountTool.m; sourceTree = "<group>"; };
		BB142150219D4B3700F02378 /* KeyChainManager.h */ = {isa = PBXFileReference; fileEncoding = 4; lastKnownFileType = sourcecode.c.h; path = KeyChainManager.h; sourceTree = "<group>"; };
		BB142151219D4B3700F02378 /* UserInfoModel.h */ = {isa = PBXFileReference; fileEncoding = 4; lastKnownFileType = sourcecode.c.h; path = UserInfoModel.h; sourceTree = "<group>"; };
		BB142152219D4B3700F02378 /* UserInfoManager.m */ = {isa = PBXFileReference; fileEncoding = 4; lastKnownFileType = sourcecode.c.objc; path = UserInfoManager.m; sourceTree = "<group>"; };
		BB142153219D4B3700F02378 /* BaseModel.h */ = {isa = PBXFileReference; fileEncoding = 4; lastKnownFileType = sourcecode.c.h; path = BaseModel.h; sourceTree = "<group>"; };
		BB142155219D4B3700F02378 /* EillyerTextField.h */ = {isa = PBXFileReference; fileEncoding = 4; lastKnownFileType = sourcecode.c.h; path = EillyerTextField.h; sourceTree = "<group>"; };
		BB142156219D4B3700F02378 /* EillyerTextField.m */ = {isa = PBXFileReference; fileEncoding = 4; lastKnownFileType = sourcecode.c.objc; path = EillyerTextField.m; sourceTree = "<group>"; };
		BB142171219D4B3700F02378 /* NetWorkTo.h */ = {isa = PBXFileReference; fileEncoding = 4; lastKnownFileType = sourcecode.c.h; path = NetWorkTo.h; sourceTree = "<group>"; };
		BB142172219D4B3700F02378 /* AFNetWorkingHelper.h */ = {isa = PBXFileReference; fileEncoding = 4; lastKnownFileType = sourcecode.c.h; path = AFNetWorkingHelper.h; sourceTree = "<group>"; };
		BB142173219D4B3700F02378 /* MBProgressHUD.m */ = {isa = PBXFileReference; fileEncoding = 4; lastKnownFileType = sourcecode.c.objc; path = MBProgressHUD.m; sourceTree = "<group>"; };
		BB142174219D4B3700F02378 /* NetWorkTemp.m */ = {isa = PBXFileReference; fileEncoding = 4; lastKnownFileType = sourcecode.c.objc; path = NetWorkTemp.m; sourceTree = "<group>"; };
		BB142175219D4B3700F02378 /* ServerAPIPath.m */ = {isa = PBXFileReference; fileEncoding = 4; lastKnownFileType = sourcecode.c.objc; path = ServerAPIPath.m; sourceTree = "<group>"; };
		BB142176219D4B3700F02378 /* NetWorkTemp.h */ = {isa = PBXFileReference; fileEncoding = 4; lastKnownFileType = sourcecode.c.h; path = NetWorkTemp.h; sourceTree = "<group>"; };
		BB142177219D4B3700F02378 /* MBProgressHUD.h */ = {isa = PBXFileReference; fileEncoding = 4; lastKnownFileType = sourcecode.c.h; path = MBProgressHUD.h; sourceTree = "<group>"; };
		BB142178219D4B3700F02378 /* AFNetWorkingHelper.m */ = {isa = PBXFileReference; fileEncoding = 4; lastKnownFileType = sourcecode.c.objc; path = AFNetWorkingHelper.m; sourceTree = "<group>"; };
		BB142179219D4B3700F02378 /* NetWorkTo.m */ = {isa = PBXFileReference; fileEncoding = 4; lastKnownFileType = sourcecode.c.objc; path = NetWorkTo.m; sourceTree = "<group>"; };
		BB14217A219D4B3700F02378 /* ServerAPIPath.h */ = {isa = PBXFileReference; fileEncoding = 4; lastKnownFileType = sourcecode.c.h; path = ServerAPIPath.h; sourceTree = "<group>"; };
		BB14217C219D4B3700F02378 /* LocationManager.m */ = {isa = PBXFileReference; fileEncoding = 4; lastKnownFileType = sourcecode.c.objc; path = LocationManager.m; sourceTree = "<group>"; };
		BB14217D219D4B3700F02378 /* AppControl.h */ = {isa = PBXFileReference; fileEncoding = 4; lastKnownFileType = sourcecode.c.h; path = AppControl.h; sourceTree = "<group>"; };
		BB14217E219D4B3700F02378 /* LocationManager.h */ = {isa = PBXFileReference; fileEncoding = 4; lastKnownFileType = sourcecode.c.h; path = LocationManager.h; sourceTree = "<group>"; };
		BB142180219D4B3700F02378 /* LSCityChooseView.m */ = {isa = PBXFileReference; fileEncoding = 4; lastKnownFileType = sourcecode.c.objc; path = LSCityChooseView.m; sourceTree = "<group>"; };
		BB142181219D4B3700F02378 /* ZHDatePickerView.m */ = {isa = PBXFileReference; fileEncoding = 4; lastKnownFileType = sourcecode.c.objc; path = ZHDatePickerView.m; sourceTree = "<group>"; };
		BB142182219D4B3700F02378 /* city.plist */ = {isa = PBXFileReference; fileEncoding = 4; lastKnownFileType = text.plist.xml; path = city.plist; sourceTree = "<group>"; };
		BB142183219D4B3700F02378 /* ZHDatePickerView.h */ = {isa = PBXFileReference; fileEncoding = 4; lastKnownFileType = sourcecode.c.h; path = ZHDatePickerView.h; sourceTree = "<group>"; };
		BB142184219D4B3700F02378 /* LSCityChooseView.h */ = {isa = PBXFileReference; fileEncoding = 4; lastKnownFileType = sourcecode.c.h; path = LSCityChooseView.h; sourceTree = "<group>"; };
		BB142185219D4B3700F02378 /* AppControl.m */ = {isa = PBXFileReference; fileEncoding = 4; lastKnownFileType = sourcecode.c.objc; path = AppControl.m; sourceTree = "<group>"; };
		BB1421D8219D4CF000F02378 /* MMMM.m */ = {isa = PBXFileReference; fileEncoding = 4; lastKnownFileType = sourcecode.c.objc; path = MMMM.m; sourceTree = "<group>"; };
		BB1421D9219D4CF000F02378 /* asdfasdf.m */ = {isa = PBXFileReference; fileEncoding = 4; lastKnownFileType = sourcecode.c.objc; path = asdfasdf.m; sourceTree = "<group>"; };
		BB1421DA219D4CF100F02378 /* MMMM.h */ = {isa = PBXFileReference; fileEncoding = 4; lastKnownFileType = sourcecode.c.h; path = MMMM.h; sourceTree = "<group>"; };
		BB1421DB219D4CF100F02378 /* aaa.h */ = {isa = PBXFileReference; fileEncoding = 4; lastKnownFileType = sourcecode.c.h; path = aaa.h; sourceTree = "<group>"; };
		BB1421DC219D4CF100F02378 /* asdfasdf.h */ = {isa = PBXFileReference; fileEncoding = 4; lastKnownFileType = sourcecode.c.h; path = asdfasdf.h; sourceTree = "<group>"; };
		BB1421DD219D4CF100F02378 /* CameroViewController.h */ = {isa = PBXFileReference; fileEncoding = 4; lastKnownFileType = sourcecode.c.h; path = CameroViewController.h; sourceTree = "<group>"; };
		BB1421DE219D4CF100F02378 /* aaa.m */ = {isa = PBXFileReference; fileEncoding = 4; lastKnownFileType = sourcecode.c.objc; path = aaa.m; sourceTree = "<group>"; };
		BB1421DF219D4CF100F02378 /* asdfasdf.xib */ = {isa = PBXFileReference; fileEncoding = 4; lastKnownFileType = file.xib; path = asdfasdf.xib; sourceTree = "<group>"; };
		BB1421E0219D4CF100F02378 /* CameroViewController.m */ = {isa = PBXFileReference; fileEncoding = 4; lastKnownFileType = sourcecode.c.objc; path = CameroViewController.m; sourceTree = "<group>"; };
		BB1421E8219D4E6B00F02378 /* WXApi.h */ = {isa = PBXFileReference; fileEncoding = 4; lastKnownFileType = sourcecode.c.h; path = WXApi.h; sourceTree = "<group>"; };
		BB1421E9219D4E6B00F02378 /* WXApiObject.h */ = {isa = PBXFileReference; fileEncoding = 4; lastKnownFileType = sourcecode.c.h; path = WXApiObject.h; sourceTree = "<group>"; };
		BB1421EA219D4E6B00F02378 /* libWeChatSDK.a */ = {isa = PBXFileReference; lastKnownFileType = archive.ar; path = libWeChatSDK.a; sourceTree = "<group>"; };
		BB1421EB219D4E6B00F02378 /* 微信@3x.png */ = {isa = PBXFileReference; lastKnownFileType = image.png; path = "微信@3x.png"; sourceTree = "<group>"; };
		BB1421EC219D4E6B00F02378 /* 微信@2x.png */ = {isa = PBXFileReference; lastKnownFileType = image.png; path = "微信@2x.png"; sourceTree = "<group>"; };
		BB1421ED219D4E6B00F02378 /* 钱包@3x.png */ = {isa = PBXFileReference; lastKnownFileType = image.png; path = "钱包@3x.png"; sourceTree = "<group>"; };
		BB1421EE219D4E6B00F02378 /* 钱包@2x.png */ = {isa = PBXFileReference; lastKnownFileType = image.png; path = "钱包@2x.png"; sourceTree = "<group>"; };
		BB1421F0219D4E6B00F02378 /* 支付宝@2x.png */ = {isa = PBXFileReference; lastKnownFileType = image.png; path = "支付宝@2x.png"; sourceTree = "<group>"; };
		BB1421F1219D4E6B00F02378 /* AlipaySDK.bundle */ = {isa = PBXFileReference; lastKnownFileType = "wrapper.plug-in"; path = AlipaySDK.bundle; sourceTree = "<group>"; };
		BB1421F2219D4E6B00F02378 /* 支付宝@3x.png */ = {isa = PBXFileReference; lastKnownFileType = image.png; path = "支付宝@3x.png"; sourceTree = "<group>"; };
		BB1421F3219D4E6B00F02378 /* AlipaySDK.framework */ = {isa = PBXFileReference; lastKnownFileType = wrapper.framework; path = AlipaySDK.framework; sourceTree = "<group>"; };
		BB1421F4219D4E6B00F02378 /* PayManager.h */ = {isa = PBXFileReference; fileEncoding = 4; lastKnownFileType = sourcecode.c.h; path = PayManager.h; sourceTree = "<group>"; };
		BB1421F5219D4E6B00F02378 /* 选中@2x.png */ = {isa = PBXFileReference; lastKnownFileType = image.png; path = "选中@2x.png"; sourceTree = "<group>"; };
		BB1421F6219D4E6B00F02378 /* 选中@3x.png */ = {isa = PBXFileReference; lastKnownFileType = image.png; path = "选中@3x.png"; sourceTree = "<group>"; };
		BB1421F8219D4E6B00F02378 /* PayAlertView.m */ = {isa = PBXFileReference; fileEncoding = 4; lastKnownFileType = sourcecode.c.objc; path = PayAlertView.m; sourceTree = "<group>"; };
		BB1421F9219D4E6B00F02378 /* PayChooseBtn.m */ = {isa = PBXFileReference; fileEncoding = 4; lastKnownFileType = sourcecode.c.objc; path = PayChooseBtn.m; sourceTree = "<group>"; };
		BB1421FA219D4E6B00F02378 /* PayAlertView.h */ = {isa = PBXFileReference; fileEncoding = 4; lastKnownFileType = sourcecode.c.h; path = PayAlertView.h; sourceTree = "<group>"; };
		BB1421FB219D4E6B00F02378 /* PayAlertView.xib */ = {isa = PBXFileReference; fileEncoding = 4; lastKnownFileType = file.xib; path = PayAlertView.xib; sourceTree = "<group>"; };
		BB1421FC219D4E6B00F02378 /* PayChooseBtn.xib */ = {isa = PBXFileReference; fileEncoding = 4; lastKnownFileType = file.xib; path = PayChooseBtn.xib; sourceTree = "<group>"; };
		BB1421FD219D4E6B00F02378 /* PayChooseBtn.h */ = {isa = PBXFileReference; fileEncoding = 4; lastKnownFileType = sourcecode.c.h; path = PayChooseBtn.h; sourceTree = "<group>"; };
		BB1421FE219D4E6B00F02378 /* PayManager.m */ = {isa = PBXFileReference; fileEncoding = 4; lastKnownFileType = sourcecode.c.objc; path = PayManager.m; sourceTree = "<group>"; };
		BB14220F219D4EBC00F02378 /* CoreTelephony.framework */ = {isa = PBXFileReference; lastKnownFileType = wrapper.framework; name = CoreTelephony.framework; path = System/Library/Frameworks/CoreTelephony.framework; sourceTree = SDKROOT; };
		BB142211219D4EC900F02378 /* CoreMotion.framework */ = {isa = PBXFileReference; lastKnownFileType = wrapper.framework; name = CoreMotion.framework; path = System/Library/Frameworks/CoreMotion.framework; sourceTree = SDKROOT; };
		BB142213219D4EDE00F02378 /* libicucore.tbd */ = {isa = PBXFileReference; lastKnownFileType = "sourcecode.text-based-dylib-definition"; name = libicucore.tbd; path = usr/lib/libicucore.tbd; sourceTree = SDKROOT; };
		BB142215219D4EEA00F02378 /* libz.tbd */ = {isa = PBXFileReference; lastKnownFileType = "sourcecode.text-based-dylib-definition"; name = libz.tbd; path = usr/lib/libz.tbd; sourceTree = SDKROOT; };
		BB142217219D4EF600F02378 /* libc++.tbd */ = {isa = PBXFileReference; lastKnownFileType = "sourcecode.text-based-dylib-definition"; name = "libc++.tbd"; path = "usr/lib/libc++.tbd"; sourceTree = SDKROOT; };
		BB142219219D4F0000F02378 /* JavaScriptCore.framework */ = {isa = PBXFileReference; lastKnownFileType = wrapper.framework; name = JavaScriptCore.framework; path = System/Library/Frameworks/JavaScriptCore.framework; sourceTree = SDKROOT; };
		BB14221B219D4F0B00F02378 /* libsqlite3.tbd */ = {isa = PBXFileReference; lastKnownFileType = "sourcecode.text-based-dylib-definition"; name = libsqlite3.tbd; path = usr/lib/libsqlite3.tbd; sourceTree = SDKROOT; };
		FAB646E48CCE71C5502F96F7 /* libPods-GitHubApp.a */ = {isa = PBXFileReference; explicitFileType = archive.ar; includeInIndex = 0; path = "libPods-GitHubApp.a"; sourceTree = BUILT_PRODUCTS_DIR; };
/* End PBXFileReference section */

/* Begin PBXFrameworksBuildPhase section */
		BB1420BC219D4A8700F02378 /* Frameworks */ = {
			isa = PBXFrameworksBuildPhase;
			buildActionMask = 2147483647;
			files = (
				BB14221C219D4F0B00F02378 /* libsqlite3.tbd in Frameworks */,
				BB14221A219D4F0000F02378 /* JavaScriptCore.framework in Frameworks */,
				BB142218219D4EF600F02378 /* libc++.tbd in Frameworks */,
				BB142216219D4EEA00F02378 /* libz.tbd in Frameworks */,
				BB142214219D4EDE00F02378 /* libicucore.tbd in Frameworks */,
				BB142212219D4EC900F02378 /* CoreMotion.framework in Frameworks */,
				BB142210219D4EBC00F02378 /* CoreTelephony.framework in Frameworks */,
				BB1421FF219D4E6B00F02378 /* libWeChatSDK.a in Frameworks */,
				40BFC771F33B73D1C0CFDC37 /* libPods-GitHubApp.a in Frameworks */,
				BB142207219D4E6B00F02378 /* AlipaySDK.framework in Frameworks */,
			);
			runOnlyForDeploymentPostprocessing = 0;
		};
		BB1420D4219D4A8900F02378 /* Frameworks */ = {
			isa = PBXFrameworksBuildPhase;
			buildActionMask = 2147483647;
			files = (
			);
			runOnlyForDeploymentPostprocessing = 0;
		};
/* End PBXFrameworksBuildPhase section */

/* Begin PBXGroup section */
		0DB382E6D47A18477E959E17 /* Pods */ = {
			isa = PBXGroup;
			children = (
				8CBB2015463C6AF7CB1AA649 /* Pods-GitHubApp.debug.xcconfig */,
				8B2C2B8D3DB0DE9A57B80617 /* Pods-GitHubApp.release.xcconfig */,
			);
			path = Pods;
			sourceTree = "<group>";
		};
		1ED053B9501465D8D4C29BF0 /* Frameworks */ = {
			isa = PBXGroup;
			children = (
				BB14221B219D4F0B00F02378 /* libsqlite3.tbd */,
				BB142219219D4F0000F02378 /* JavaScriptCore.framework */,
				BB142217219D4EF600F02378 /* libc++.tbd */,
				BB142215219D4EEA00F02378 /* libz.tbd */,
				BB142213219D4EDE00F02378 /* libicucore.tbd */,
				BB142211219D4EC900F02378 /* CoreMotion.framework */,
				BB14220F219D4EBC00F02378 /* CoreTelephony.framework */,
				FAB646E48CCE71C5502F96F7 /* libPods-GitHubApp.a */,
			);
			name = Frameworks;
			sourceTree = "<group>";
		};
		529376BA21D36B1100174317 /* dataSelect */ = {
			isa = PBXGroup;
			children = (
				529376BB21D36B1100174317 /* DateAlertView.m */,
				529376BF21D36B1100174317 /* DateAlertView.h */,
				529376BD21D36B1100174317 /* DateAlertView.xib */,
				529376BC21D36B1100174317 /* DatePickerView.h */,
				529376BE21D36B1100174317 /* DatePickerView.m */,
			);
			path = dataSelect;
			sourceTree = "<group>";
		};
		52B8F08921C1034D00DECCB3 /* TitleChange */ = {
			isa = PBXGroup;
			children = (
				52B8F09221C103BE00DECCB3 /* ReadMeTitleChange.h */,
				52B8F08A21C1038000DECCB3 /* FlipTableView */,
				52B8F08D21C1038000DECCB3 /* SegementTap */,
			);
			path = TitleChange;
			sourceTree = "<group>";
		};
		52B8F08A21C1038000DECCB3 /* FlipTableView */ = {
			isa = PBXGroup;
			children = (
				52B8F08B21C1038000DECCB3 /* FlipTableView.h */,
				52B8F08C21C1038000DECCB3 /* FlipTableView.m */,
			);
			path = FlipTableView;
			sourceTree = "<group>";
		};
		52B8F08D21C1038000DECCB3 /* SegementTap */ = {
			isa = PBXGroup;
			children = (
				52B8F08E21C1038000DECCB3 /* SegmentTapView.h */,
				52B8F08F21C1038000DECCB3 /* SegmentTapView.m */,
			);
			path = SegementTap;
			sourceTree = "<group>";
		};
		BB1420B6219D4A8700F02378 = {
			isa = PBXGroup;
			children = (
				BB1420C1219D4A8700F02378 /* GitHubApp */,
				BB1420DA219D4A8900F02378 /* GitHubAppUITests */,
				BB1420C0219D4A8700F02378 /* Products */,
				0DB382E6D47A18477E959E17 /* Pods */,
				1ED053B9501465D8D4C29BF0 /* Frameworks */,
			);
			sourceTree = "<group>";
		};
		BB1420C0219D4A8700F02378 /* Products */ = {
			isa = PBXGroup;
			children = (
				BB1420BF219D4A8700F02378 /* GitHubApp.app */,
				BB1420D7219D4A8900F02378 /* GitHubAppUITests.xctest */,
			);
			name = Products;
			sourceTree = "<group>";
		};
		BB1420C1219D4A8700F02378 /* GitHubApp */ = {
			isa = PBXGroup;
			children = (
				BB1420E7219D4B3700F02378 /* Lib */,
				BB1420C2219D4A8700F02378 /* AppDelegate.h */,
				BB1420C3219D4A8700F02378 /* AppDelegate.m */,
				BB1421DB219D4CF100F02378 /* aaa.h */,
				BB1421DE219D4CF100F02378 /* aaa.m */,
				BB1421DC219D4CF100F02378 /* asdfasdf.h */,
				BB1421D9219D4CF000F02378 /* asdfasdf.m */,
				BB1421DF219D4CF100F02378 /* asdfasdf.xib */,
				BB1421DD219D4CF100F02378 /* CameroViewController.h */,
				BB1421E0219D4CF100F02378 /* CameroViewController.m */,
				BB1421DA219D4CF100F02378 /* MMMM.h */,
				BB1421D8219D4CF000F02378 /* MMMM.m */,
				BB1420C5219D4A8700F02378 /* ViewController.h */,
				BB1420C6219D4A8700F02378 /* ViewController.m */,
				BB1420C8219D4A8700F02378 /* Main.storyboard */,
				BB1420CB219D4A8900F02378 /* Assets.xcassets */,
				BB1420CD219D4A8900F02378 /* LaunchScreen.storyboard */,
				BB1420D0219D4A8900F02378 /* Info.plist */,
				BB1420D1219D4A8900F02378 /* main.m */,
				BB1420E6219D4ACE00F02378 /* PrefixHeader.pch */,
			);
			path = GitHubApp;
			sourceTree = "<group>";
		};
		BB1420DA219D4A8900F02378 /* GitHubAppUITests */ = {
			isa = PBXGroup;
			children = (
				BB1420DB219D4A8900F02378 /* GitHubAppUITests.m */,
				BB1420DD219D4A8900F02378 /* Info.plist */,
			);
			path = GitHubAppUITests;
			sourceTree = "<group>";
		};
		BB1420E7219D4B3700F02378 /* Lib */ = {
			isa = PBXGroup;
			children = (
				BB1420E8219D4B3700F02378 /* MyVC */,
				BB142119219D4B3700F02378 /* Category */,
				BB14212A219D4B3700F02378 /* BaseObject */,
				BB142170219D4B3700F02378 /* NetWork */,
				BB14217B219D4B3700F02378 /* Tool */,
			);
			path = Lib;
			sourceTree = "<group>";
		};
		BB1420E8219D4B3700F02378 /* MyVC */ = {
			isa = PBXGroup;
			children = (
				BB1420E9219D4B3700F02378 /* LoginVC */,
				BB1420F6219D4B3700F02378 /* AddImageAndMP4 */,
			);
			path = MyVC;
			sourceTree = "<group>";
		};
		BB1420E9219D4B3700F02378 /* LoginVC */ = {
			isa = PBXGroup;
			children = (
				BB1420EA219D4B3700F02378 /* SendCodeBtn.h */,
				BB1420F2219D4B3700F02378 /* SendCodeBtn.m */,
				BB1420F5219D4B3700F02378 /* SendCodeBtn.xib */,
				BB1420ED219D4B3700F02378 /* ForgetPasswordVC.h */,
				BB1420EF219D4B3700F02378 /* ForgetPasswordVC.m */,
				BB1420F3219D4B3700F02378 /* ForgetPasswordVC.xib */,
				BB1420EC219D4B3700F02378 /* RegisterUserVC.h */,
				BB1420F0219D4B3700F02378 /* RegisterUserVC.m */,
				BB1420EE219D4B3700F02378 /* RegisterUserVC.xib */,
				BB1420F1219D4B3700F02378 /* LoginVC.h */,
				BB1420EB219D4B3700F02378 /* LoginVC.m */,
				BB1420F4219D4B3700F02378 /* LoginVC.xib */,
			);
			path = LoginVC;
			sourceTree = "<group>";
		};
		BB1420F6219D4B3700F02378 /* AddImageAndMP4 */ = {
			isa = PBXGroup;
			children = (
				BB1420F7219D4B3700F02378 /* AddImageAndMp4VC.h */,
				BB142118219D4B3700F02378 /* AddImageAndMp4VC.m */,
				BB1420F8219D4B3700F02378 /* 主文件 */,
			);
			path = AddImageAndMP4;
			sourceTree = "<group>";
		};
		BB1420F8219D4B3700F02378 /* 主文件 */ = {
			isa = PBXGroup;
			children = (
				BB142103219D4B3700F02378 /* playBtn.png */,
				BB1420F9219D4B3700F02378 /* add@2x.png */,
				BB1420FB219D4B3700F02378 /* add@3x.png */,
				BB142102219D4B3700F02378 /* ImageAndMovEditCell.h */,
				BB1420FC219D4B3700F02378 /* ImageAndMovEditCell.m */,
				BB1420FD219D4B3700F02378 /* ImageAndMovEditCell.xib */,
				BB142104219D4B3700F02378 /* ImageAndMovEditVC.h */,
				BB1420FE219D4B3700F02378 /* ImageAndMovEditVC.m */,
				BB1420FF219D4B3700F02378 /* CameraAlertController.h */,
				BB142117219D4B3700F02378 /* CameraAlertController.m */,
				BB142101219D4B3700F02378 /* ImageAndMovEditCellLayout.h */,
				BB1420FA219D4B3700F02378 /* ImageAndMovEditCellLayout.m */,
				BB142105219D4B3700F02378 /* AVURLAsset+SetMp4.h */,
				BB142100219D4B3700F02378 /* AVURLAsset+SetMp4.m */,
				BB142106219D4B3700F02378 /* Player */,
			);
			path = "主文件";
			sourceTree = "<group>";
		};
		BB142106219D4B3700F02378 /* Player */ = {
			isa = PBXGroup;
			children = (
				BB142107219D4B3700F02378 /* image */,
				BB14210F219D4B3700F02378 /* media */,
			);
			path = Player;
			sourceTree = "<group>";
		};
		BB142107219D4B3700F02378 /* image */ = {
			isa = PBXGroup;
			children = (
				BB142108219D4B3700F02378 /* kr-video-player-play@3x.png */,
				BB142109219D4B3700F02378 /* kr-video-player-play@2x.png */,
				BB14210A219D4B3700F02378 /* slider@2x.png */,
				BB14210B219D4B3700F02378 /* kr-video-player-pause@3x.png */,
				BB14210C219D4B3700F02378 /* kr-video-player-fullscreen@3x.png */,
				BB14210D219D4B3700F02378 /* kr-video-player-fullscreen@2x.png */,
				BB14210E219D4B3700F02378 /* kr-video-player-pause@2x.png */,
			);
			path = image;
			sourceTree = "<group>";
		};
		BB14210F219D4B3700F02378 /* media */ = {
			isa = PBXGroup;
			children = (
				BB142111219D4B3700F02378 /* MediaPlayerVC.h */,
				BB142114219D4B3700F02378 /* MediaPlayerVC.m */,
				BB142110219D4B3700F02378 /* MediaPlayerVC.xib */,
				BB142113219D4B3700F02378 /* XSMediaPlayer.h */,
				BB142116219D4B3700F02378 /* XSMediaPlayer.m */,
				BB142115219D4B3700F02378 /* XSMediaPlayerMaskView.h */,
				BB142112219D4B3700F02378 /* XSMediaPlayerMaskView.m */,
			);
			path = media;
			sourceTree = "<group>";
		};
		BB142119219D4B3700F02378 /* Category */ = {
			isa = PBXGroup;
			children = (
				BB142123219D4B3700F02378 /* NSString+NowDate.h */,
				BB14211A219D4B3700F02378 /* NSString+NowDate.m */,
				BB142126219D4B3700F02378 /* UIImage+image.h */,
				BB142121219D4B3700F02378 /* UIImage+image.m */,
				BB142125219D4B3700F02378 /* UIColor+color.h */,
				BB14211C219D4B3700F02378 /* UIColor+color.m */,
				BB142128219D4B3700F02378 /* NSString+Pinyin.h */,
				BB14211F219D4B3700F02378 /* NSString+Pinyin.m */,
				BB14211B219D4B3700F02378 /* UIView+layerView.h */,
				BB142122219D4B3700F02378 /* UIView+layerView.m */,
				BB14211D219D4B3700F02378 /* NSString+extension.h */,
				BB142124219D4B3700F02378 /* NSString+extension.m */,
				BB142120219D4B3700F02378 /* NSDictionary+dictJson.h */,
				BB142127219D4B3700F02378 /* NSDictionary+dictJson.m */,
				BB14211E219D4B3700F02378 /* NSArray+array.h */,
				BB142129219D4B3700F02378 /* NSArray+array.m */,
				5293766821D220D900174317 /* MyAnimation.h */,
				5293766921D220D900174317 /* MyAnimation.m */,
			);
			path = Category;
			sourceTree = "<group>";
		};
		BB14212A219D4B3700F02378 /* BaseObject */ = {
			isa = PBXGroup;
			children = (
				52B8F08921C1034D00DECCB3 /* TitleChange */,
				BB1421E6219D4E6B00F02378 /* PayManager */,
				BB14212B219D4B3700F02378 /* TableView */,
				BB142132219D4B3700F02378 /* BaseAlertView */,
				BB142135219D4B3700F02378 /* Collectionview */,
				BB14213D219D4B3700F02378 /* ShareBtn */,
				BB142140219D4B3700F02378 /* BaseVC */,
				BB142143219D4B3700F02378 /* Tabar */,
				BB142146219D4B3700F02378 /* Navi */,
				BB142149219D4B3700F02378 /* BaseModel */,
				BB142154219D4B3700F02378 /* BaseTextFiled */,
			);
			path = BaseObject;
			sourceTree = "<group>";
		};
		BB14212B219D4B3700F02378 /* TableView */ = {
			isa = PBXGroup;
			children = (
				BB14212F219D4B3700F02378 /* EillyerTableCell.h */,
				BB14212C219D4B3700F02378 /* EillyerTableCell.m */,
				BB142131219D4B3700F02378 /* EillyerBaseTableViewViewController.h */,
				BB14212D219D4B3700F02378 /* EillyerBaseTableViewViewController.m */,
				BB14212E219D4B3700F02378 /* noData@2x.png */,
				BB142130219D4B3700F02378 /* noData@3x.png */,
			);
			path = TableView;
			sourceTree = "<group>";
		};
		BB142132219D4B3700F02378 /* BaseAlertView */ = {
			isa = PBXGroup;
			children = (
				BB142133219D4B3700F02378 /* BaseAlertView.m */,
				BB142134219D4B3700F02378 /* BaseAlertView.h */,
			);
			path = BaseAlertView;
			sourceTree = "<group>";
		};
		BB142135219D4B3700F02378 /* Collectionview */ = {
			isa = PBXGroup;
			children = (
				BB142139219D4B3700F02378 /* EillyerBaseCollectionViewCell.h */,
				BB142136219D4B3700F02378 /* EillyerBaseCollectionViewCell.m */,
				BB14213C219D4B3700F02378 /* EillyerBaseCollectionViewCell.xib */,
				BB14213B219D4B3700F02378 /* EillyerBaseCollectionView.h */,
				BB142137219D4B3700F02378 /* EillyerBaseCollectionView.m */,
				BB142138219D4B3700F02378 /* EillyerBaseFlowLayout.h */,
				BB14213A219D4B3700F02378 /* EillyerBaseFlowLayout.m */,
			);
			path = Collectionview;
			sourceTree = "<group>";
		};
		BB14213D219D4B3700F02378 /* ShareBtn */ = {
			isa = PBXGroup;
			children = (
				BB14213E219D4B3700F02378 /* ShareBtn.h */,
				BB14213F219D4B3700F02378 /* ShareBtn.m */,
			);
			path = ShareBtn;
			sourceTree = "<group>";
		};
		BB142140219D4B3700F02378 /* BaseVC */ = {
			isa = PBXGroup;
			children = (
				BB142141219D4B3700F02378 /* EillyerBaseViewController.h */,
				BB142142219D4B3700F02378 /* EillyerBaseViewController.m */,
			);
			path = BaseVC;
			sourceTree = "<group>";
		};
		BB142143219D4B3700F02378 /* Tabar */ = {
			isa = PBXGroup;
			children = (
				BB142144219D4B3700F02378 /* EillyerBaseTabBarController.m */,
				BB142145219D4B3700F02378 /* EillyerBaseTabBarController.h */,
			);
			path = Tabar;
			sourceTree = "<group>";
		};
		BB142146219D4B3700F02378 /* Navi */ = {
			isa = PBXGroup;
			children = (
				BB142147219D4B3700F02378 /* EliiyerBaseNavigationController.h */,
				BB142148219D4B3700F02378 /* EliiyerBaseNavigationController.m */,
			);
			path = Navi;
			sourceTree = "<group>";
		};
		BB142149219D4B3700F02378 /* BaseModel */ = {
			isa = PBXGroup;
			children = (
				BB142153219D4B3700F02378 /* BaseModel.h */,
				BB14214B219D4B3700F02378 /* BaseModel.m */,
				BB14214A219D4B3700F02378 /* AccountTool.h */,
				BB14214F219D4B3700F02378 /* AccountTool.m */,
				BB142150219D4B3700F02378 /* KeyChainManager.h */,
				BB14214E219D4B3700F02378 /* KeyChainManager.m */,
				BB14214C219D4B3700F02378 /* UserInfoManager.h */,
				BB142152219D4B3700F02378 /* UserInfoManager.m */,
				BB142151219D4B3700F02378 /* UserInfoModel.h */,
				BB14214D219D4B3700F02378 /* UserInfoModel.m */,
			);
			path = BaseModel;
			sourceTree = "<group>";
		};
		BB142154219D4B3700F02378 /* BaseTextFiled */ = {
			isa = PBXGroup;
			children = (
				BB142155219D4B3700F02378 /* EillyerTextField.h */,
				BB142156219D4B3700F02378 /* EillyerTextField.m */,
			);
			path = BaseTextFiled;
			sourceTree = "<group>";
		};
		BB142170219D4B3700F02378 /* NetWork */ = {
			isa = PBXGroup;
			children = (
				BB14217A219D4B3700F02378 /* ServerAPIPath.h */,
				BB142175219D4B3700F02378 /* ServerAPIPath.m */,
				BB142171219D4B3700F02378 /* NetWorkTo.h */,
				BB142179219D4B3700F02378 /* NetWorkTo.m */,
				BB142172219D4B3700F02378 /* AFNetWorkingHelper.h */,
				BB142178219D4B3700F02378 /* AFNetWorkingHelper.m */,
				BB142177219D4B3700F02378 /* MBProgressHUD.h */,
				BB142173219D4B3700F02378 /* MBProgressHUD.m */,
				BB142176219D4B3700F02378 /* NetWorkTemp.h */,
				BB142174219D4B3700F02378 /* NetWorkTemp.m */,
			);
			path = NetWork;
			sourceTree = "<group>";
		};
		BB14217B219D4B3700F02378 /* Tool */ = {
			isa = PBXGroup;
			children = (
				BB14217F219D4B3700F02378 /* citySelect */,
				529376BA21D36B1100174317 /* dataSelect */,
				BB14217E219D4B3700F02378 /* LocationManager.h */,
				BB14217C219D4B3700F02378 /* LocationManager.m */,
				BB14217D219D4B3700F02378 /* AppControl.h */,
				BB142185219D4B3700F02378 /* AppControl.m */,
			);
			path = Tool;
			sourceTree = "<group>";
		};
		BB14217F219D4B3700F02378 /* citySelect */ = {
			isa = PBXGroup;
			children = (
				BB142184219D4B3700F02378 /* LSCityChooseView.h */,
				BB142180219D4B3700F02378 /* LSCityChooseView.m */,
				BB142183219D4B3700F02378 /* ZHDatePickerView.h */,
				BB142181219D4B3700F02378 /* ZHDatePickerView.m */,
				BB142182219D4B3700F02378 /* city.plist */,
			);
			path = citySelect;
			sourceTree = "<group>";
		};
		BB1421E6219D4E6B00F02378 /* PayManager */ = {
			isa = PBXGroup;
			children = (
				BB1421E7219D4E6B00F02378 /* weichat */,
				BB1421ED219D4E6B00F02378 /* 钱包@3x.png */,
				BB1421EE219D4E6B00F02378 /* 钱包@2x.png */,
				BB1421EF219D4E6B00F02378 /* aliPay */,
				BB1421F5219D4E6B00F02378 /* 选中@2x.png */,
				BB1421F6219D4E6B00F02378 /* 选中@3x.png */,
				BB1421F7219D4E6B00F02378 /* view */,
				BB1421F4219D4E6B00F02378 /* PayManager.h */,
				BB1421FE219D4E6B00F02378 /* PayManager.m */,
			);
			path = PayManager;
			sourceTree = "<group>";
		};
		BB1421E7219D4E6B00F02378 /* weichat */ = {
			isa = PBXGroup;
			children = (
				BB1421E8219D4E6B00F02378 /* WXApi.h */,
				BB1421E9219D4E6B00F02378 /* WXApiObject.h */,
				BB1421EA219D4E6B00F02378 /* libWeChatSDK.a */,
				BB1421EB219D4E6B00F02378 /* 微信@3x.png */,
				BB1421EC219D4E6B00F02378 /* 微信@2x.png */,
			);
			path = weichat;
			sourceTree = "<group>";
		};
		BB1421EF219D4E6B00F02378 /* aliPay */ = {
			isa = PBXGroup;
			children = (
				BB1421F0219D4E6B00F02378 /* 支付宝@2x.png */,
				BB1421F1219D4E6B00F02378 /* AlipaySDK.bundle */,
				BB1421F2219D4E6B00F02378 /* 支付宝@3x.png */,
				BB1421F3219D4E6B00F02378 /* AlipaySDK.framework */,
			);
			path = aliPay;
			sourceTree = "<group>";
		};
		BB1421F7219D4E6B00F02378 /* view */ = {
			isa = PBXGroup;
			children = (
				BB1421F8219D4E6B00F02378 /* PayAlertView.m */,
				BB1421F9219D4E6B00F02378 /* PayChooseBtn.m */,
				BB1421FA219D4E6B00F02378 /* PayAlertView.h */,
				BB1421FB219D4E6B00F02378 /* PayAlertView.xib */,
				BB1421FC219D4E6B00F02378 /* PayChooseBtn.xib */,
				BB1421FD219D4E6B00F02378 /* PayChooseBtn.h */,
			);
			path = view;
			sourceTree = "<group>";
		};
/* End PBXGroup section */

/* Begin PBXNativeTarget section */
		BB1420BE219D4A8700F02378 /* GitHubApp */ = {
			isa = PBXNativeTarget;
			buildConfigurationList = BB1420E0219D4A8900F02378 /* Build configuration list for PBXNativeTarget "GitHubApp" */;
			buildPhases = (
				3897A49C9DE15650A7B604BF /* [CP] Check Pods Manifest.lock */,
				BB1420BB219D4A8700F02378 /* Sources */,
				BB1420BC219D4A8700F02378 /* Frameworks */,
				BB1420BD219D4A8700F02378 /* Resources */,
				A4488E434C0D8C3C0D96B650 /* [CP] Copy Pods Resources */,
			);
			buildRules = (
			);
			dependencies = (
			);
			name = GitHubApp;
			productName = GitHubApp;
			productReference = BB1420BF219D4A8700F02378 /* GitHubApp.app */;
			productType = "com.apple.product-type.application";
		};
		BB1420D6219D4A8900F02378 /* GitHubAppUITests */ = {
			isa = PBXNativeTarget;
			buildConfigurationList = BB1420E3219D4A8900F02378 /* Build configuration list for PBXNativeTarget "GitHubAppUITests" */;
			buildPhases = (
				BB1420D3219D4A8900F02378 /* Sources */,
				BB1420D4219D4A8900F02378 /* Frameworks */,
				BB1420D5219D4A8900F02378 /* Resources */,
			);
			buildRules = (
			);
			dependencies = (
				BB1420D9219D4A8900F02378 /* PBXTargetDependency */,
			);
			name = GitHubAppUITests;
			productName = GitHubAppUITests;
			productReference = BB1420D7219D4A8900F02378 /* GitHubAppUITests.xctest */;
			productType = "com.apple.product-type.bundle.ui-testing";
		};
/* End PBXNativeTarget section */

/* Begin PBXProject section */
		BB1420B7219D4A8700F02378 /* Project object */ = {
			isa = PBXProject;
			attributes = {
				LastUpgradeCheck = 1010;
				ORGANIZATIONNAME = eillyer;
				TargetAttributes = {
					BB1420BE219D4A8700F02378 = {
						CreatedOnToolsVersion = 10.1;
					};
					BB1420D6219D4A8900F02378 = {
						CreatedOnToolsVersion = 10.1;
						TestTargetID = BB1420BE219D4A8700F02378;
					};
				};
			};
			buildConfigurationList = BB1420BA219D4A8700F02378 /* Build configuration list for PBXProject "GitHubApp" */;
			compatibilityVersion = "Xcode 9.3";
			developmentRegion = en;
			hasScannedForEncodings = 0;
			knownRegions = (
				en,
				Base,
			);
			mainGroup = BB1420B6219D4A8700F02378;
			productRefGroup = BB1420C0219D4A8700F02378 /* Products */;
			projectDirPath = "";
			projectRoot = "";
			targets = (
				BB1420BE219D4A8700F02378 /* GitHubApp */,
				BB1420D6219D4A8900F02378 /* GitHubAppUITests */,
			);
		};
/* End PBXProject section */

/* Begin PBXResourcesBuildPhase section */
		BB1420BD219D4A8700F02378 /* Resources */ = {
			isa = PBXResourcesBuildPhase;
			buildActionMask = 2147483647;
			files = (
				BB142205219D4E6B00F02378 /* AlipaySDK.bundle in Resources */,
				BB1421AE219D4B3800F02378 /* noData@3x.png in Resources */,
				BB142190219D4B3800F02378 /* add@3x.png in Resources */,
				529376C121D36B1100174317 /* DateAlertView.xib in Resources */,
				BB14218E219D4B3800F02378 /* add@2x.png in Resources */,
				BB14218C219D4B3800F02378 /* LoginVC.xib in Resources */,
				BB142209219D4E6B00F02378 /* 选中@3x.png in Resources */,
				BB14219D219D4B3800F02378 /* MediaPlayerVC.xib in Resources */,
				BB142196219D4B3800F02378 /* kr-video-player-play@3x.png in Resources */,
				BB142195219D4B3800F02378 /* playBtn.png in Resources */,
				BB142187219D4B3800F02378 /* RegisterUserVC.xib in Resources */,
				BB1421B3219D4B3800F02378 /* EillyerBaseCollectionViewCell.xib in Resources */,
				BB1420CF219D4A8900F02378 /* LaunchScreen.storyboard in Resources */,
				BB14220D219D4E6B00F02378 /* PayChooseBtn.xib in Resources */,
				BB1420CC219D4A8900F02378 /* Assets.xcassets in Resources */,
				BB142204219D4E6B00F02378 /* 支付宝@2x.png in Resources */,
				BB142200219D4E6B00F02378 /* 微信@3x.png in Resources */,
				BB142206219D4E6B00F02378 /* 支付宝@3x.png in Resources */,
				BB1421D6219D4B3800F02378 /* city.plist in Resources */,
				BB142202219D4E6B00F02378 /* 钱包@3x.png in Resources */,
				BB142201219D4E6B00F02378 /* 微信@2x.png in Resources */,
				BB142192219D4B3800F02378 /* ImageAndMovEditCell.xib in Resources */,
				BB142203219D4E6B00F02378 /* 钱包@2x.png in Resources */,
				BB142199219D4B3800F02378 /* kr-video-player-pause@3x.png in Resources */,
				BB1420CA219D4A8700F02378 /* Main.storyboard in Resources */,
				BB14218D219D4B3800F02378 /* SendCodeBtn.xib in Resources */,
				BB1421AD219D4B3800F02378 /* noData@2x.png in Resources */,
				BB142198219D4B3800F02378 /* slider@2x.png in Resources */,
				BB14220C219D4E6B00F02378 /* PayAlertView.xib in Resources */,
				BB14218B219D4B3800F02378 /* ForgetPasswordVC.xib in Resources */,
				BB1421E4219D4CF100F02378 /* asdfasdf.xib in Resources */,
				BB14219A219D4B3800F02378 /* kr-video-player-fullscreen@3x.png in Resources */,
				BB142208219D4E6B00F02378 /* 选中@2x.png in Resources */,
				BB14219C219D4B3800F02378 /* kr-video-player-pause@2x.png in Resources */,
				BB14219B219D4B3800F02378 /* kr-video-player-fullscreen@2x.png in Resources */,
				BB142197219D4B3800F02378 /* kr-video-player-play@2x.png in Resources */,
			);
			runOnlyForDeploymentPostprocessing = 0;
		};
		BB1420D5219D4A8900F02378 /* Resources */ = {
			isa = PBXResourcesBuildPhase;
			buildActionMask = 2147483647;
			files = (
			);
			runOnlyForDeploymentPostprocessing = 0;
		};
/* End PBXResourcesBuildPhase section */

/* Begin PBXShellScriptBuildPhase section */
		3897A49C9DE15650A7B604BF /* [CP] Check Pods Manifest.lock */ = {
			isa = PBXShellScriptBuildPhase;
			buildActionMask = 2147483647;
			files = (
			);
			inputPaths = (
				"${PODS_PODFILE_DIR_PATH}/Podfile.lock",
				"${PODS_ROOT}/Manifest.lock",
			);
			name = "[CP] Check Pods Manifest.lock";
			outputPaths = (
				"$(DERIVED_FILE_DIR)/Pods-GitHubApp-checkManifestLockResult.txt",
			);
			runOnlyForDeploymentPostprocessing = 0;
			shellPath = /bin/sh;
			shellScript = "diff \"${PODS_PODFILE_DIR_PATH}/Podfile.lock\" \"${PODS_ROOT}/Manifest.lock\" > /dev/null\nif [ $? != 0 ] ; then\n    # print error to STDERR\n    echo \"error: The sandbox is not in sync with the Podfile.lock. Run 'pod install' or update your CocoaPods installation.\" >&2\n    exit 1\nfi\n# This output is used by Xcode 'outputs' to avoid re-running this script phase.\necho \"SUCCESS\" > \"${SCRIPT_OUTPUT_FILE_0}\"\n";
			showEnvVarsInLog = 0;
		};
		A4488E434C0D8C3C0D96B650 /* [CP] Copy Pods Resources */ = {
			isa = PBXShellScriptBuildPhase;
			buildActionMask = 2147483647;
			files = (
			);
			inputPaths = (
				"${PODS_ROOT}/Target Support Files/Pods-GitHubApp/Pods-GitHubApp-resources.sh",
				"${PODS_ROOT}/IQKeyboardManager/IQKeyboardManager/Resources/IQKeyboardManager.bundle",
				"${PODS_ROOT}/MJRefresh/MJRefresh/MJRefresh.bundle",
				"${PODS_ROOT}/SVProgressHUD/SVProgressHUD/SVProgressHUD.bundle",
			);
			name = "[CP] Copy Pods Resources";
			outputPaths = (
				"${TARGET_BUILD_DIR}/${UNLOCALIZED_RESOURCES_FOLDER_PATH}/IQKeyboardManager.bundle",
				"${TARGET_BUILD_DIR}/${UNLOCALIZED_RESOURCES_FOLDER_PATH}/MJRefresh.bundle",
				"${TARGET_BUILD_DIR}/${UNLOCALIZED_RESOURCES_FOLDER_PATH}/SVProgressHUD.bundle",
			);
			runOnlyForDeploymentPostprocessing = 0;
			shellPath = /bin/sh;
			shellScript = "\"${PODS_ROOT}/Target Support Files/Pods-GitHubApp/Pods-GitHubApp-resources.sh\"\n";
			showEnvVarsInLog = 0;
		};
/* End PBXShellScriptBuildPhase section */

/* Begin PBXSourcesBuildPhase section */
		BB1420BB219D4A8700F02378 /* Sources */ = {
			isa = PBXSourcesBuildPhase;
			buildActionMask = 2147483647;
			files = (
				BB1421A0219D4B3800F02378 /* XSMediaPlayer.m in Sources */,
				BB1421BC219D4B3800F02378 /* UserInfoManager.m in Sources */,
				BB1421A9219D4B3800F02378 /* NSDictionary+dictJson.m in Sources */,
				529376C021D36B1100174317 /* DateAlertView.m in Sources */,
				BB1421B9219D4B3800F02378 /* UserInfoModel.m in Sources */,
				BB142194219D4B3800F02378 /* AVURLAsset+SetMp4.m in Sources */,
				BB1421B8219D4B3800F02378 /* BaseModel.m in Sources */,
				BB14219E219D4B3800F02378 /* XSMediaPlayerMaskView.m in Sources */,
				BB1421D3219D4B3800F02378 /* LocationManager.m in Sources */,
				BB1421A4219D4B3800F02378 /* UIColor+color.m in Sources */,
				BB1421A5219D4B3800F02378 /* NSString+Pinyin.m in Sources */,
				BB1421E3219D4CF100F02378 /* aaa.m in Sources */,
				BB1421B5219D4B3800F02378 /* EillyerBaseViewController.m in Sources */,
				BB1421B0219D4B3800F02378 /* EillyerBaseCollectionViewCell.m in Sources */,
				BB1421B2219D4B3800F02378 /* EillyerBaseFlowLayout.m in Sources */,
				BB1421D4219D4B3800F02378 /* LSCityChooseView.m in Sources */,
				529376C221D36B1100174317 /* DatePickerView.m in Sources */,
				BB1421BA219D4B3800F02378 /* KeyChainManager.m in Sources */,
				BB1421CE219D4B3800F02378 /* MBProgressHUD.m in Sources */,
				BB1421A8219D4B3800F02378 /* NSString+extension.m in Sources */,
				BB1421B7219D4B3800F02378 /* EliiyerBaseNavigationController.m in Sources */,
				BB1420C7219D4A8700F02378 /* ViewController.m in Sources */,
				BB1421B1219D4B3800F02378 /* EillyerBaseCollectionView.m in Sources */,
				BB1421D0219D4B3800F02378 /* ServerAPIPath.m in Sources */,
				BB142193219D4B3800F02378 /* ImageAndMovEditVC.m in Sources */,
				BB1421D1219D4B3800F02378 /* AFNetWorkingHelper.m in Sources */,
				BB1421B6219D4B3800F02378 /* EillyerBaseTabBarController.m in Sources */,
				BB1420D2219D4A8900F02378 /* main.m in Sources */,
				5293766A21D220D900174317 /* MyAnimation.m in Sources */,
				BB1421AB219D4B3800F02378 /* EillyerTableCell.m in Sources */,
				BB1421A7219D4B3800F02378 /* UIView+layerView.m in Sources */,
				BB14220E219D4E6B00F02378 /* PayManager.m in Sources */,
				BB1421A2219D4B3800F02378 /* AddImageAndMp4VC.m in Sources */,
				52B8F09121C1038000DECCB3 /* SegmentTapView.m in Sources */,
				BB1421D5219D4B3800F02378 /* ZHDatePickerView.m in Sources */,
				BB1421AA219D4B3800F02378 /* NSArray+array.m in Sources */,
				BB14218F219D4B3800F02378 /* ImageAndMovEditCellLayout.m in Sources */,
				BB1421CF219D4B3800F02378 /* NetWorkTemp.m in Sources */,
				BB1421A1219D4B3800F02378 /* CameraAlertController.m in Sources */,
				BB1421AF219D4B3800F02378 /* BaseAlertView.m in Sources */,
				BB1421AC219D4B3800F02378 /* EillyerBaseTableViewViewController.m in Sources */,
				BB1421D2219D4B3800F02378 /* NetWorkTo.m in Sources */,
				BB1421E2219D4CF100F02378 /* asdfasdf.m in Sources */,
				BB14220A219D4E6B00F02378 /* PayAlertView.m in Sources */,
				BB14220B219D4E6B00F02378 /* PayChooseBtn.m in Sources */,
				BB1421BB219D4B3800F02378 /* AccountTool.m in Sources */,
				BB14219F219D4B3800F02378 /* MediaPlayerVC.m in Sources */,
				BB1421D7219D4B3800F02378 /* AppControl.m in Sources */,
				BB142188219D4B3800F02378 /* ForgetPasswordVC.m in Sources */,
				BB14218A219D4B3800F02378 /* SendCodeBtn.m in Sources */,
				BB142186219D4B3800F02378 /* LoginVC.m in Sources */,
				BB1421E5219D4CF100F02378 /* CameroViewController.m in Sources */,
				BB1421A3219D4B3800F02378 /* NSString+NowDate.m in Sources */,
				BB142191219D4B3800F02378 /* ImageAndMovEditCell.m in Sources */,
				BB1421A6219D4B3800F02378 /* UIImage+image.m in Sources */,
				BB1421E1219D4CF100F02378 /* MMMM.m in Sources */,
				BB1421BD219D4B3800F02378 /* EillyerTextField.m in Sources */,
				BB142189219D4B3800F02378 /* RegisterUserVC.m in Sources */,
				52B8F09021C1038000DECCB3 /* FlipTableView.m in Sources */,
				BB1420C4219D4A8700F02378 /* AppDelegate.m in Sources */,
				BB1421B4219D4B3800F02378 /* ShareBtn.m in Sources */,
			);
			runOnlyForDeploymentPostprocessing = 0;
		};
		BB1420D3219D4A8900F02378 /* Sources */ = {
			isa = PBXSourcesBuildPhase;
			buildActionMask = 2147483647;
			files = (
				BB1420DC219D4A8900F02378 /* GitHubAppUITests.m in Sources */,
			);
			runOnlyForDeploymentPostprocessing = 0;
		};
/* End PBXSourcesBuildPhase section */

/* Begin PBXTargetDependency section */
		BB1420D9219D4A8900F02378 /* PBXTargetDependency */ = {
			isa = PBXTargetDependency;
			target = BB1420BE219D4A8700F02378 /* GitHubApp */;
			targetProxy = BB1420D8219D4A8900F02378 /* PBXContainerItemProxy */;
		};
/* End PBXTargetDependency section */

/* Begin PBXVariantGroup section */
		BB1420C8219D4A8700F02378 /* Main.storyboard */ = {
			isa = PBXVariantGroup;
			children = (
				BB1420C9219D4A8700F02378 /* Base */,
			);
			name = Main.storyboard;
			sourceTree = "<group>";
		};
		BB1420CD219D4A8900F02378 /* LaunchScreen.storyboard */ = {
			isa = PBXVariantGroup;
			children = (
				BB1420CE219D4A8900F02378 /* Base */,
			);
			name = LaunchScreen.storyboard;
			sourceTree = "<group>";
		};
/* End PBXVariantGroup section */

/* Begin XCBuildConfiguration section */
		BB1420DE219D4A8900F02378 /* Debug */ = {
			isa = XCBuildConfiguration;
			buildSettings = {
				ALWAYS_SEARCH_USER_PATHS = NO;
				CLANG_ANALYZER_NONNULL = YES;
				CLANG_ANALYZER_NUMBER_OBJECT_CONVERSION = YES_AGGRESSIVE;
				CLANG_CXX_LANGUAGE_STANDARD = "gnu++14";
				CLANG_CXX_LIBRARY = "libc++";
				CLANG_ENABLE_MODULES = YES;
				CLANG_ENABLE_OBJC_ARC = YES;
				CLANG_ENABLE_OBJC_WEAK = YES;
				CLANG_WARN_BLOCK_CAPTURE_AUTORELEASING = YES;
				CLANG_WARN_BOOL_CONVERSION = YES;
				CLANG_WARN_COMMA = YES;
				CLANG_WARN_CONSTANT_CONVERSION = YES;
				CLANG_WARN_DEPRECATED_OBJC_IMPLEMENTATIONS = YES;
				CLANG_WARN_DIRECT_OBJC_ISA_USAGE = YES_ERROR;
				CLANG_WARN_DOCUMENTATION_COMMENTS = YES;
				CLANG_WARN_EMPTY_BODY = YES;
				CLANG_WARN_ENUM_CONVERSION = YES;
				CLANG_WARN_INFINITE_RECURSION = YES;
				CLANG_WARN_INT_CONVERSION = YES;
				CLANG_WARN_NON_LITERAL_NULL_CONVERSION = YES;
				CLANG_WARN_OBJC_IMPLICIT_RETAIN_SELF = YES;
				CLANG_WARN_OBJC_LITERAL_CONVERSION = YES;
				CLANG_WARN_OBJC_ROOT_CLASS = YES_ERROR;
				CLANG_WARN_RANGE_LOOP_ANALYSIS = YES;
				CLANG_WARN_STRICT_PROTOTYPES = YES;
				CLANG_WARN_SUSPICIOUS_MOVE = YES;
				CLANG_WARN_UNGUARDED_AVAILABILITY = YES_AGGRESSIVE;
				CLANG_WARN_UNREACHABLE_CODE = YES;
				CLANG_WARN__DUPLICATE_METHOD_MATCH = YES;
				CODE_SIGN_IDENTITY = "iPhone Developer";
				COPY_PHASE_STRIP = NO;
				DEBUG_INFORMATION_FORMAT = dwarf;
				ENABLE_STRICT_OBJC_MSGSEND = YES;
				ENABLE_TESTABILITY = YES;
				GCC_C_LANGUAGE_STANDARD = gnu11;
				GCC_DYNAMIC_NO_PIC = NO;
				GCC_NO_COMMON_BLOCKS = YES;
				GCC_OPTIMIZATION_LEVEL = 0;
				GCC_PREPROCESSOR_DEFINITIONS = (
					"DEBUG=1",
					"$(inherited)",
				);
				GCC_WARN_64_TO_32_BIT_CONVERSION = YES;
				GCC_WARN_ABOUT_RETURN_TYPE = YES_ERROR;
				GCC_WARN_UNDECLARED_SELECTOR = YES;
				GCC_WARN_UNINITIALIZED_AUTOS = YES_AGGRESSIVE;
				GCC_WARN_UNUSED_FUNCTION = YES;
				GCC_WARN_UNUSED_VARIABLE = YES;
				IPHONEOS_DEPLOYMENT_TARGET = 12.1;
				MTL_ENABLE_DEBUG_INFO = INCLUDE_SOURCE;
				MTL_FAST_MATH = YES;
				ONLY_ACTIVE_ARCH = YES;
				SDKROOT = iphoneos;
			};
			name = Debug;
		};
		BB1420DF219D4A8900F02378 /* Release */ = {
			isa = XCBuildConfiguration;
			buildSettings = {
				ALWAYS_SEARCH_USER_PATHS = NO;
				CLANG_ANALYZER_NONNULL = YES;
				CLANG_ANALYZER_NUMBER_OBJECT_CONVERSION = YES_AGGRESSIVE;
				CLANG_CXX_LANGUAGE_STANDARD = "gnu++14";
				CLANG_CXX_LIBRARY = "libc++";
				CLANG_ENABLE_MODULES = YES;
				CLANG_ENABLE_OBJC_ARC = YES;
				CLANG_ENABLE_OBJC_WEAK = YES;
				CLANG_WARN_BLOCK_CAPTURE_AUTORELEASING = YES;
				CLANG_WARN_BOOL_CONVERSION = YES;
				CLANG_WARN_COMMA = YES;
				CLANG_WARN_CONSTANT_CONVERSION = YES;
				CLANG_WARN_DEPRECATED_OBJC_IMPLEMENTATIONS = YES;
				CLANG_WARN_DIRECT_OBJC_ISA_USAGE = YES_ERROR;
				CLANG_WARN_DOCUMENTATION_COMMENTS = YES;
				CLANG_WARN_EMPTY_BODY = YES;
				CLANG_WARN_ENUM_CONVERSION = YES;
				CLANG_WARN_INFINITE_RECURSION = YES;
				CLANG_WARN_INT_CONVERSION = YES;
				CLANG_WARN_NON_LITERAL_NULL_CONVERSION = YES;
				CLANG_WARN_OBJC_IMPLICIT_RETAIN_SELF = YES;
				CLANG_WARN_OBJC_LITERAL_CONVERSION = YES;
				CLANG_WARN_OBJC_ROOT_CLASS = YES_ERROR;
				CLANG_WARN_RANGE_LOOP_ANALYSIS = YES;
				CLANG_WARN_STRICT_PROTOTYPES = YES;
				CLANG_WARN_SUSPICIOUS_MOVE = YES;
				CLANG_WARN_UNGUARDED_AVAILABILITY = YES_AGGRESSIVE;
				CLANG_WARN_UNREACHABLE_CODE = YES;
				CLANG_WARN__DUPLICATE_METHOD_MATCH = YES;
				CODE_SIGN_IDENTITY = "iPhone Developer";
				COPY_PHASE_STRIP = NO;
				DEBUG_INFORMATION_FORMAT = "dwarf-with-dsym";
				ENABLE_NS_ASSERTIONS = NO;
				ENABLE_STRICT_OBJC_MSGSEND = YES;
				GCC_C_LANGUAGE_STANDARD = gnu11;
				GCC_NO_COMMON_BLOCKS = YES;
				GCC_WARN_64_TO_32_BIT_CONVERSION = YES;
				GCC_WARN_ABOUT_RETURN_TYPE = YES_ERROR;
				GCC_WARN_UNDECLARED_SELECTOR = YES;
				GCC_WARN_UNINITIALIZED_AUTOS = YES_AGGRESSIVE;
				GCC_WARN_UNUSED_FUNCTION = YES;
				GCC_WARN_UNUSED_VARIABLE = YES;
				IPHONEOS_DEPLOYMENT_TARGET = 12.1;
				MTL_ENABLE_DEBUG_INFO = NO;
				MTL_FAST_MATH = YES;
				SDKROOT = iphoneos;
				VALIDATE_PRODUCT = YES;
			};
			name = Release;
		};
		BB1420E1219D4A8900F02378 /* Debug */ = {
			isa = XCBuildConfiguration;
			baseConfigurationReference = 8CBB2015463C6AF7CB1AA649 /* Pods-GitHubApp.debug.xcconfig */;
			buildSettings = {
				ASSETCATALOG_COMPILER_APPICON_NAME = AppIcon;
				CODE_SIGN_STYLE = Automatic;
				DEVELOPMENT_TEAM = PUP67F4YPY;
				FRAMEWORK_SEARCH_PATHS = (
					"$(inherited)",
					"$(PROJECT_DIR)/GitHubApp/Lib/BaseObject/PayManager/aliPay",
				);
				GCC_PREFIX_HEADER = "$(SRCROOT)/GitHubApp/PrefixHeader.pch";
				INFOPLIST_FILE = GitHubApp/Info.plist;
				IPHONEOS_DEPLOYMENT_TARGET = 11.0;
				LD_RUNPATH_SEARCH_PATHS = (
					"$(inherited)",
					"@executable_path/Frameworks",
				);
				LIBRARY_SEARCH_PATHS = (
					"$(inherited)",
					"$(PROJECT_DIR)/GitHubApp/Lib/BaseObject/PayManager/weichat",
				);
				PRODUCT_BUNDLE_IDENTIFIER = eillyer.GitHubApp;
				PRODUCT_NAME = "$(TARGET_NAME)";
				TARGETED_DEVICE_FAMILY = "1,2";
			};
			name = Debug;
		};
		BB1420E2219D4A8900F02378 /* Release */ = {
			isa = XCBuildConfiguration;
			baseConfigurationReference = 8B2C2B8D3DB0DE9A57B80617 /* Pods-GitHubApp.release.xcconfig */;
			buildSettings = {
				ASSETCATALOG_COMPILER_APPICON_NAME = AppIcon;
				CODE_SIGN_STYLE = Automatic;
				DEVELOPMENT_TEAM = PUP67F4YPY;
				FRAMEWORK_SEARCH_PATHS = (
					"$(inherited)",
					"$(PROJECT_DIR)/GitHubApp/Lib/BaseObject/PayManager/aliPay",
				);
				GCC_PREFIX_HEADER = "$(SRCROOT)/GitHubApp/PrefixHeader.pch";
				INFOPLIST_FILE = GitHubApp/Info.plist;
				IPHONEOS_DEPLOYMENT_TARGET = 11.0;
				LD_RUNPATH_SEARCH_PATHS = (
					"$(inherited)",
					"@executable_path/Frameworks",
				);
				LIBRARY_SEARCH_PATHS = (
					"$(inherited)",
					"$(PROJECT_DIR)/GitHubApp/Lib/BaseObject/PayManager/weichat",
				);
				PRODUCT_BUNDLE_IDENTIFIER = eillyer.GitHubApp;
				PRODUCT_NAME = "$(TARGET_NAME)";
				TARGETED_DEVICE_FAMILY = "1,2";
			};
			name = Release;
		};
		BB1420E4219D4A8900F02378 /* Debug */ = {
			isa = XCBuildConfiguration;
			buildSettings = {
				CODE_SIGN_STYLE = Automatic;
				DEVELOPMENT_TEAM = 395MKEMV52;
				INFOPLIST_FILE = GitHubAppUITests/Info.plist;
				LD_RUNPATH_SEARCH_PATHS = (
					"$(inherited)",
					"@executable_path/Frameworks",
					"@loader_path/Frameworks",
				);
				PRODUCT_BUNDLE_IDENTIFIER = eillyer.GitHubAppUITests;
				PRODUCT_NAME = "$(TARGET_NAME)";
				TARGETED_DEVICE_FAMILY = "1,2";
				TEST_TARGET_NAME = GitHubApp;
			};
			name = Debug;
		};
		BB1420E5219D4A8900F02378 /* Release */ = {
			isa = XCBuildConfiguration;
			buildSettings = {
				CODE_SIGN_STYLE = Automatic;
				DEVELOPMENT_TEAM = 395MKEMV52;
				INFOPLIST_FILE = GitHubAppUITests/Info.plist;
				LD_RUNPATH_SEARCH_PATHS = (
					"$(inherited)",
					"@executable_path/Frameworks",
					"@loader_path/Frameworks",
				);
				PRODUCT_BUNDLE_IDENTIFIER = eillyer.GitHubAppUITests;
				PRODUCT_NAME = "$(TARGET_NAME)";
				TARGETED_DEVICE_FAMILY = "1,2";
				TEST_TARGET_NAME = GitHubApp;
			};
			name = Release;
		};
/* End XCBuildConfiguration section */

/* Begin XCConfigurationList section */
		BB1420BA219D4A8700F02378 /* Build configuration list for PBXProject "GitHubApp" */ = {
			isa = XCConfigurationList;
			buildConfigurations = (
				BB1420DE219D4A8900F02378 /* Debug */,
				BB1420DF219D4A8900F02378 /* Release */,
			);
			defaultConfigurationIsVisible = 0;
			defaultConfigurationName = Release;
		};
		BB1420E0219D4A8900F02378 /* Build configuration list for PBXNativeTarget "GitHubApp" */ = {
			isa = XCConfigurationList;
			buildConfigurations = (
				BB1420E1219D4A8900F02378 /* Debug */,
				BB1420E2219D4A8900F02378 /* Release */,
			);
			defaultConfigurationIsVisible = 0;
			defaultConfigurationName = Release;
		};
		BB1420E3219D4A8900F02378 /* Build configuration list for PBXNativeTarget "GitHubAppUITests" */ = {
			isa = XCConfigurationList;
			buildConfigurations = (
				BB1420E4219D4A8900F02378 /* Debug */,
				BB1420E5219D4A8900F02378 /* Release */,
			);
			defaultConfigurationIsVisible = 0;
			defaultConfigurationName = Release;
		};
/* End XCConfigurationList section */
	};
	rootObject = BB1420B7219D4A8700F02378 /* Project object */;
}
